// !$*UTF8*$!
{
	archiveVersion = 1;
	classes = {
	};
	objectVersion = 46;
	objects = {

/* Begin PBXBuildFile section */
		3B106D8D1A7BC41C0052333D /* SRScanVC.m in Sources */ = {isa = PBXBuildFile; fileRef = 3B106D8C1A7BC41C0052333D /* SRScanVC.m */; };
		3B106DA71A7BC4E40052333D /* zbar-back.png in Resources */ = {isa = PBXBuildFile; fileRef = 3B106DA31A7BC4E40052333D /* zbar-back.png */; };
		3B106DA81A7BC4E40052333D /* zbar-help.html in Resources */ = {isa = PBXBuildFile; fileRef = 3B106DA41A7BC4E40052333D /* zbar-help.html */; };
		3B106DA91A7BC4E40052333D /* zbar-helpicons.png in Resources */ = {isa = PBXBuildFile; fileRef = 3B106DA51A7BC4E40052333D /* zbar-helpicons.png */; };
		3B106DAA1A7BC4E40052333D /* zbar-samples.png in Resources */ = {isa = PBXBuildFile; fileRef = 3B106DA61A7BC4E40052333D /* zbar-samples.png */; };
		3B106DAC1A7BC4EF0052333D /* libzbar.a in Frameworks */ = {isa = PBXBuildFile; fileRef = 3B106DAB1A7BC4EE0052333D /* libzbar.a */; };
		3B106DAE1A7BC5220052333D /* CoreMedia.framework in Frameworks */ = {isa = PBXBuildFile; fileRef = 3B106DAD1A7BC5220052333D /* CoreMedia.framework */; };
		3B106DB01A7BC5300052333D /* AVFoundation.framework in Frameworks */ = {isa = PBXBuildFile; fileRef = 3B106DAF1A7BC5300052333D /* AVFoundation.framework */; };
		3B106DB21A7BC53F0052333D /* CoreVideo.framework in Frameworks */ = {isa = PBXBuildFile; fileRef = 3B106DB11A7BC53F0052333D /* CoreVideo.framework */; };
		3B106DB41A7BC8980052333D /* line.png in Resources */ = {isa = PBXBuildFile; fileRef = 3B106DB31A7BC8980052333D /* line.png */; };
		3B106DB61A7BC94D0052333D /* pick_bg.png in Resources */ = {isa = PBXBuildFile; fileRef = 3B106DB51A7BC94D0052333D /* pick_bg.png */; };
		3B106DBB1A7BCFD50052333D /* JobDetailVC.m in Sources */ = {isa = PBXBuildFile; fileRef = 3B106DB91A7BCFD50052333D /* JobDetailVC.m */; };
		3B106DBC1A7BCFD50052333D /* JobDetailVC.xib in Resources */ = {isa = PBXBuildFile; fileRef = 3B106DBA1A7BCFD50052333D /* JobDetailVC.xib */; };
		3B1439311A7B26480062368E /* AOImageView.m in Sources */ = {isa = PBXBuildFile; fileRef = 3B14391D1A7B26480062368E /* AOImageView.m */; };
		3B1439321A7B26480062368E /* NSURLAdditions.m in Sources */ = {isa = PBXBuildFile; fileRef = 3B1439201A7B26480062368E /* NSURLAdditions.m */; };
		3B1439331A7B26480062368E /* SDImageCache.m in Sources */ = {isa = PBXBuildFile; fileRef = 3B1439221A7B26480062368E /* SDImageCache.m */; };
		3B1439341A7B26480062368E /* SDWebImageDownloader.m in Sources */ = {isa = PBXBuildFile; fileRef = 3B1439261A7B26480062368E /* SDWebImageDownloader.m */; };
		3B1439351A7B26480062368E /* SDWebImageManager.m in Sources */ = {isa = PBXBuildFile; fileRef = 3B1439291A7B26480062368E /* SDWebImageManager.m */; };
		3B1439361A7B26480062368E /* SRAdvertisingView.m in Sources */ = {isa = PBXBuildFile; fileRef = 3B14392C1A7B26480062368E /* SRAdvertisingView.m */; };
		3B1439371A7B26480062368E /* UrlImageButton.m in Sources */ = {isa = PBXBuildFile; fileRef = 3B14392E1A7B26480062368E /* UrlImageButton.m */; };
		3B1439381A7B26480062368E /* UrlImageView.m in Sources */ = {isa = PBXBuildFile; fileRef = 3B1439301A7B26480062368E /* UrlImageView.m */; };
		3B14393D1A7B2A2E0062368E /* arrow.png in Resources */ = {isa = PBXBuildFile; fileRef = 3B14393A1A7B2A2E0062368E /* arrow.png */; };
		3B14393E1A7B2A2E0062368E /* arrow@2x.png in Resources */ = {isa = PBXBuildFile; fileRef = 3B14393B1A7B2A2E0062368E /* arrow@2x.png */; };
		3B14393F1A7B2A2E0062368E /* arrow@3x.png in Resources */ = {isa = PBXBuildFile; fileRef = 3B14393C1A7B2A2E0062368E /* arrow@3x.png */; };
		3B1439411A7B2B100062368E /* nearby.png in Resources */ = {isa = PBXBuildFile; fileRef = 3B1439401A7B2B100062368E /* nearby.png */; };
		3B1439431A7B2B610062368E /* poker.png in Resources */ = {isa = PBXBuildFile; fileRef = 3B1439421A7B2B610062368E /* poker.png */; };
		3B1439471A7B58740062368E /* MLCell1.m in Sources */ = {isa = PBXBuildFile; fileRef = 3B1439451A7B58740062368E /* MLCell1.m */; };
		3B1439481A7B58740062368E /* MLCell1.xib in Resources */ = {isa = PBXBuildFile; fileRef = 3B1439461A7B58740062368E /* MLCell1.xib */; };
		3B14394A1A7B5B830062368E /* jobType1.png in Resources */ = {isa = PBXBuildFile; fileRef = 3B1439491A7B5B830062368E /* jobType1.png */; };
		3B14394E1A7B5CB40062368E /* tag2.png in Resources */ = {isa = PBXBuildFile; fileRef = 3B14394B1A7B5CB40062368E /* tag2.png */; };
		3B14394F1A7B5CB40062368E /* tag3.png in Resources */ = {isa = PBXBuildFile; fileRef = 3B14394C1A7B5CB40062368E /* tag3.png */; };
		3B1439501A7B5CB40062368E /* tag1.png in Resources */ = {isa = PBXBuildFile; fileRef = 3B14394D1A7B5CB40062368E /* tag1.png */; };
		3B1439541A7B5D250062368E /* icon_location.png in Resources */ = {isa = PBXBuildFile; fileRef = 3B1439511A7B5D250062368E /* icon_location.png */; };
		3B1439551A7B5D250062368E /* icon_location@2x.png in Resources */ = {isa = PBXBuildFile; fileRef = 3B1439521A7B5D250062368E /* icon_location@2x.png */; };
		3B1439561A7B5D250062368E /* icon_location@3x.png in Resources */ = {isa = PBXBuildFile; fileRef = 3B1439531A7B5D250062368E /* icon_location@3x.png */; };
		3B1439581A7B5E540062368E /* perday.png in Resources */ = {isa = PBXBuildFile; fileRef = 3B1439571A7B5E540062368E /* perday.png */; };
		3B2E14681A5AAC97004F0107 /* CoreLocation.framework in Frameworks */ = {isa = PBXBuildFile; fileRef = 3B2E14671A5AAC97004F0107 /* CoreLocation.framework */; };
		3B2E146A1A5AACA0004F0107 /* Security.framework in Frameworks */ = {isa = PBXBuildFile; fileRef = 3B2E14691A5AACA0004F0107 /* Security.framework */; };
		3B2E146C1A5AACA6004F0107 /* CoreGraphics.framework in Frameworks */ = {isa = PBXBuildFile; fileRef = 3B2E146B1A5AACA6004F0107 /* CoreGraphics.framework */; };
		3B2E146E1A5AACAF004F0107 /* MobileCoreServices.framework in Frameworks */ = {isa = PBXBuildFile; fileRef = 3B2E146D1A5AACAF004F0107 /* MobileCoreServices.framework */; };
		3B2E14701A5AACD2004F0107 /* CFNetwork.framework in Frameworks */ = {isa = PBXBuildFile; fileRef = 3B2E146F1A5AACD2004F0107 /* CFNetwork.framework */; };
		3B2E14721A5AACD9004F0107 /* CoreTelephony.framework in Frameworks */ = {isa = PBXBuildFile; fileRef = 3B2E14711A5AACD9004F0107 /* CoreTelephony.framework */; };
		3B2E14741A5AACE1004F0107 /* SystemConfiguration.framework in Frameworks */ = {isa = PBXBuildFile; fileRef = 3B2E14731A5AACE1004F0107 /* SystemConfiguration.framework */; };
		3B2E14761A5AACEA004F0107 /* libz.1.2.5.dylib in Frameworks */ = {isa = PBXBuildFile; fileRef = 3B2E14751A5AACEA004F0107 /* libz.1.2.5.dylib */; };
		3B2E14781A5AACF3004F0107 /* libicucore.dylib in Frameworks */ = {isa = PBXBuildFile; fileRef = 3B2E14771A5AACF3004F0107 /* libicucore.dylib */; };
		3B2E147A1A5AACFD004F0107 /* libsqlite3.dylib in Frameworks */ = {isa = PBXBuildFile; fileRef = 3B2E14791A5AACFD004F0107 /* libsqlite3.dylib */; };
		3B2E14811A5AAFF0004F0107 /* BmobSDK.framework in Frameworks */ = {isa = PBXBuildFile; fileRef = 3B2E14801A5AAFF0004F0107 /* BmobSDK.framework */; };
		3B2E14831A5AD0FB004F0107 /* ShareSDK.framework in Frameworks */ = {isa = PBXBuildFile; fileRef = 3B2E14821A5AD0FB004F0107 /* ShareSDK.framework */; };
		3B2E14861A5AD3E6004F0107 /* QuartzCore.framework in Frameworks */ = {isa = PBXBuildFile; fileRef = 3B2E14841A5AD2E4004F0107 /* QuartzCore.framework */; };
		3B2E14881A5AD969004F0107 /* AGCommon.framework in Frameworks */ = {isa = PBXBuildFile; fileRef = 3B2E14871A5AD969004F0107 /* AGCommon.framework */; };
		3B2E148A1A5AD9DE004F0107 /* ShareSDKCoreService.framework in Frameworks */ = {isa = PBXBuildFile; fileRef = 3B2E14891A5AD9DE004F0107 /* ShareSDKCoreService.framework */; };
		3B2E148C1A5ADBCF004F0107 /* SinaWeiboConnection.framework in Frameworks */ = {isa = PBXBuildFile; fileRef = 3B2E148B1A5ADBCF004F0107 /* SinaWeiboConnection.framework */; };
		3B2E148E1A5ADD16004F0107 /* WeChatConnection.framework in Frameworks */ = {isa = PBXBuildFile; fileRef = 3B2E148D1A5ADD16004F0107 /* WeChatConnection.framework */; };
		3B2E14901A5ADD22004F0107 /* QQConnection.framework in Frameworks */ = {isa = PBXBuildFile; fileRef = 3B2E148F1A5ADD22004F0107 /* QQConnection.framework */; };
		3B5FBB421A6DF117009DA06B /* user_bg.png in Resources */ = {isa = PBXBuildFile; fileRef = 3B5FBB411A6DF117009DA06B /* user_bg.png */; };
		3B5FBB441A6DF130009DA06B /* user_image_white.png in Resources */ = {isa = PBXBuildFile; fileRef = 3B5FBB431A6DF130009DA06B /* user_image_white.png */; };
		3B5FBB461A6DF41A009DA06B /* user_account.png in Resources */ = {isa = PBXBuildFile; fileRef = 3B5FBB451A6DF41A009DA06B /* user_account.png */; };
		3B5FBB481A6DF428009DA06B /* user_qrcode.png in Resources */ = {isa = PBXBuildFile; fileRef = 3B5FBB471A6DF428009DA06B /* user_qrcode.png */; };
		3B5FBB4A1A6DF43F009DA06B /* user_paycard.png in Resources */ = {isa = PBXBuildFile; fileRef = 3B5FBB491A6DF43F009DA06B /* user_paycard.png */; };
		3B5FBB4C1A6DF44B009DA06B /* user_money.png in Resources */ = {isa = PBXBuildFile; fileRef = 3B5FBB4B1A6DF44B009DA06B /* user_money.png */; };
		3B5FBB4E1A6DF459009DA06B /* my_comment.png in Resources */ = {isa = PBXBuildFile; fileRef = 3B5FBB4D1A6DF459009DA06B /* my_comment.png */; };
		3B5FBB501A6DF465009DA06B /* about_us.png in Resources */ = {isa = PBXBuildFile; fileRef = 3B5FBB4F1A6DF465009DA06B /* about_us.png */; };
		3B5FBB521A6DF471009DA06B /* user_feedback.png in Resources */ = {isa = PBXBuildFile; fileRef = 3B5FBB511A6DF471009DA06B /* user_feedback.png */; };
		3B5FBB541A6DF47F009DA06B /* version_update.png in Resources */ = {isa = PBXBuildFile; fileRef = 3B5FBB531A6DF47F009DA06B /* version_update.png */; };
		3B5FBB561A6DF49C009DA06B /* service_center.png in Resources */ = {isa = PBXBuildFile; fileRef = 3B5FBB551A6DF49C009DA06B /* service_center.png */; };
		3B5FBB581A6DF522009DA06B /* profile_pop_button_background_top.png in Resources */ = {isa = PBXBuildFile; fileRef = 3B5FBB571A6DF522009DA06B /* profile_pop_button_background_top.png */; };
		3B5FBB5A1A6DF533009DA06B /* profile_pop_button_background_bottom.png in Resources */ = {isa = PBXBuildFile; fileRef = 3B5FBB591A6DF533009DA06B /* profile_pop_button_background_bottom.png */; };
		3B5FBB5C1A6DF54B009DA06B /* right_arrow_white.png in Resources */ = {isa = PBXBuildFile; fileRef = 3B5FBB5B1A6DF54B009DA06B /* right_arrow_white.png */; };
		3B5FBB5E1A6DF55D009DA06B /* arrow.png in Resources */ = {isa = PBXBuildFile; fileRef = 3B5FBB5D1A6DF55D009DA06B /* arrow.png */; };
		3B5FBB991A6E8FFB009DA06B /* SRUserInfo.m in Sources */ = {isa = PBXBuildFile; fileRef = 3B5FBB931A6E8FFB009DA06B /* SRUserInfo.m */; };
		3B5FBB9A1A6E8FFB009DA06B /* SRLoginBusiness.m in Sources */ = {isa = PBXBuildFile; fileRef = 3B5FBB951A6E8FFB009DA06B /* SRLoginBusiness.m */; };
		3BAAEADE1A49412D00253298 /* main.m in Sources */ = {isa = PBXBuildFile; fileRef = 3BAAEADD1A49412D00253298 /* main.m */; };
		3BAAEAE11A49412D00253298 /* AppDelegate.m in Sources */ = {isa = PBXBuildFile; fileRef = 3BAAEAE01A49412D00253298 /* AppDelegate.m */; };
		3BAAEAE41A49412D00253298 /* ViewController.m in Sources */ = {isa = PBXBuildFile; fileRef = 3BAAEAE31A49412D00253298 /* ViewController.m */; };
		3BAAEAE71A49412D00253298 /* Main.storyboard in Resources */ = {isa = PBXBuildFile; fileRef = 3BAAEAE51A49412D00253298 /* Main.storyboard */; };
		3BAAEAE91A49412D00253298 /* Images.xcassets in Resources */ = {isa = PBXBuildFile; fileRef = 3BAAEAE81A49412D00253298 /* Images.xcassets */; };
		3BAAEAEC1A49412D00253298 /* LaunchScreen.xib in Resources */ = {isa = PBXBuildFile; fileRef = 3BAAEAEA1A49412D00253298 /* LaunchScreen.xib */; };
		3BAAEAF81A49412D00253298 /* EJianZhiTests.m in Sources */ = {isa = PBXBuildFile; fileRef = 3BAAEAF71A49412D00253298 /* EJianZhiTests.m */; };
		3BB7F2471A6FF170007F944F /* SRRegisterVC.m in Sources */ = {isa = PBXBuildFile; fileRef = 3BB7F2451A6FF170007F944F /* SRRegisterVC.m */; };
		3BB7F2481A6FF170007F944F /* SRRegisterVC.xib in Resources */ = {isa = PBXBuildFile; fileRef = 3BB7F2461A6FF170007F944F /* SRRegisterVC.xib */; };
		3BCBBD1F1A6D2FC700E581FD /* activity.png in Resources */ = {isa = PBXBuildFile; fileRef = 3BCBBD0F1A6D2FC700E581FD /* activity.png */; };
		3BCBBD201A6D2FC700E581FD /* activity@2x.png in Resources */ = {isa = PBXBuildFile; fileRef = 3BCBBD101A6D2FC700E581FD /* activity@2x.png */; };
		3BCBBD211A6D2FC700E581FD /* activity_selected.png in Resources */ = {isa = PBXBuildFile; fileRef = 3BCBBD111A6D2FC700E581FD /* activity_selected.png */; };
		3BCBBD221A6D2FC700E581FD /* activity_selected@2x.png in Resources */ = {isa = PBXBuildFile; fileRef = 3BCBBD121A6D2FC700E581FD /* activity_selected@2x.png */; };
		3BCBBD231A6D2FC700E581FD /* find_selected.png in Resources */ = {isa = PBXBuildFile; fileRef = 3BCBBD131A6D2FC700E581FD /* find_selected.png */; };
		3BCBBD241A6D2FC700E581FD /* find_selected@2x.png in Resources */ = {isa = PBXBuildFile; fileRef = 3BCBBD141A6D2FC700E581FD /* find_selected@2x.png */; };
		3BCBBD251A6D2FC700E581FD /* find.png in Resources */ = {isa = PBXBuildFile; fileRef = 3BCBBD151A6D2FC700E581FD /* find.png */; };
		3BCBBD261A6D2FC700E581FD /* find@2x.png in Resources */ = {isa = PBXBuildFile; fileRef = 3BCBBD161A6D2FC700E581FD /* find@2x.png */; };
		3BCBBD271A6D2FC700E581FD /* home_selected.png in Resources */ = {isa = PBXBuildFile; fileRef = 3BCBBD171A6D2FC700E581FD /* home_selected.png */; };
		3BCBBD281A6D2FC700E581FD /* home_selected@2x.png in Resources */ = {isa = PBXBuildFile; fileRef = 3BCBBD181A6D2FC700E581FD /* home_selected@2x.png */; };
		3BCBBD291A6D2FC700E581FD /* home.png in Resources */ = {isa = PBXBuildFile; fileRef = 3BCBBD191A6D2FC700E581FD /* home.png */; };
		3BCBBD2A1A6D2FC700E581FD /* home@2x.png in Resources */ = {isa = PBXBuildFile; fileRef = 3BCBBD1A1A6D2FC700E581FD /* home@2x.png */; };
		3BCBBD2B1A6D2FC700E581FD /* mine_selected.png in Resources */ = {isa = PBXBuildFile; fileRef = 3BCBBD1B1A6D2FC700E581FD /* mine_selected.png */; };
		3BCBBD2C1A6D2FC700E581FD /* mine_selected@2x.png in Resources */ = {isa = PBXBuildFile; fileRef = 3BCBBD1C1A6D2FC700E581FD /* mine_selected@2x.png */; };
		3BCBBD2D1A6D2FC700E581FD /* mine.png in Resources */ = {isa = PBXBuildFile; fileRef = 3BCBBD1D1A6D2FC700E581FD /* mine.png */; };
		3BCBBD2E1A6D2FC700E581FD /* mine@2x.png in Resources */ = {isa = PBXBuildFile; fileRef = 3BCBBD1E1A6D2FC700E581FD /* mine@2x.png */; };
		3BCBBD311A6D300000E581FD /* MLTabbarVC.m in Sources */ = {isa = PBXBuildFile; fileRef = 3BCBBD301A6D300000E581FD /* MLTabbarVC.m */; };
		3BCBBD341A6D345300E581FD /* SRFirstNavi.m in Sources */ = {isa = PBXBuildFile; fileRef = 3BCBBD331A6D345300E581FD /* SRFirstNavi.m */; };
		3BCBBD381A6D355200E581FD /* MLFirstVC.m in Sources */ = {isa = PBXBuildFile; fileRef = 3BCBBD361A6D355200E581FD /* MLFirstVC.m */; };
		3BCBBD391A6D355200E581FD /* MLFirstVC.xib in Resources */ = {isa = PBXBuildFile; fileRef = 3BCBBD371A6D355200E581FD /* MLFirstVC.xib */; };
		3BCBBD411A6D359B00E581FD /* MLSecondVC.m in Sources */ = {isa = PBXBuildFile; fileRef = 3BCBBD3F1A6D359B00E581FD /* MLSecondVC.m */; };
		3BCBBD421A6D359B00E581FD /* MLSecondVC.xib in Resources */ = {isa = PBXBuildFile; fileRef = 3BCBBD401A6D359B00E581FD /* MLSecondVC.xib */; };
		3BCBBD461A6D35B200E581FD /* MLThirdVC.m in Sources */ = {isa = PBXBuildFile; fileRef = 3BCBBD441A6D35B200E581FD /* MLThirdVC.m */; };
		3BCBBD471A6D35B200E581FD /* MLThirdVC.xib in Resources */ = {isa = PBXBuildFile; fileRef = 3BCBBD451A6D35B200E581FD /* MLThirdVC.xib */; };
		3BCBBD4B1A6D35C500E581FD /* MLForthVC.m in Sources */ = {isa = PBXBuildFile; fileRef = 3BCBBD491A6D35C500E581FD /* MLForthVC.m */; };
		3BCBBD4C1A6D35C500E581FD /* MLForthVC.xib in Resources */ = {isa = PBXBuildFile; fileRef = 3BCBBD4A1A6D35C500E581FD /* MLForthVC.xib */; };
		3BCBBD4F1A6D3D7400E581FD /* searchBar.png in Resources */ = {isa = PBXBuildFile; fileRef = 3BCBBD4D1A6D3D7400E581FD /* searchBar.png */; };
		3BCBBD501A6D3D7400E581FD /* searchBar@2x.png in Resources */ = {isa = PBXBuildFile; fileRef = 3BCBBD4E1A6D3D7400E581FD /* searchBar@2x.png */; };
		3BDA64051A6F4ABA00D7A5BC /* box_2.png in Resources */ = {isa = PBXBuildFile; fileRef = 3BDA64041A6F4ABA00D7A5BC /* box_2.png */; };
		3BDA64071A6F4AD000D7A5BC /* logo.png in Resources */ = {isa = PBXBuildFile; fileRef = 3BDA64061A6F4AD000D7A5BC /* logo.png */; };
		3BDA64141A6F553700D7A5BC /* checkbox1_checked.png in Resources */ = {isa = PBXBuildFile; fileRef = 3BDA640E1A6F553700D7A5BC /* checkbox1_checked.png */; };
		3BDA64151A6F553700D7A5BC /* checkbox1_checked@2x.png in Resources */ = {isa = PBXBuildFile; fileRef = 3BDA640F1A6F553700D7A5BC /* checkbox1_checked@2x.png */; };
		3BDA64161A6F553700D7A5BC /* checkbox1_unchecked.png in Resources */ = {isa = PBXBuildFile; fileRef = 3BDA64101A6F553700D7A5BC /* checkbox1_unchecked.png */; };
		3BDA64171A6F553700D7A5BC /* checkbox1_unchecked@2x.png in Resources */ = {isa = PBXBuildFile; fileRef = 3BDA64111A6F553700D7A5BC /* checkbox1_unchecked@2x.png */; };
		3BDA64181A6F553700D7A5BC /* QCheckBox.m in Sources */ = {isa = PBXBuildFile; fileRef = 3BDA64131A6F553700D7A5BC /* QCheckBox.m */; settings = {COMPILER_FLAGS = "-fno-objc-arc"; }; };
		3BDA641B1A6F557900D7A5BC /* SRRegistBussiness.m in Sources */ = {isa = PBXBuildFile; fileRef = 3BDA641A1A6F557900D7A5BC /* SRRegistBussiness.m */; };
		3BDA641D1A6F55D700D7A5BC /* box_3.png in Resources */ = {isa = PBXBuildFile; fileRef = 3BDA641C1A6F55D700D7A5BC /* box_3.png */; };
		3BDA641F1A6F82D300D7A5BC /* SMS_SDK.framework in Frameworks */ = {isa = PBXBuildFile; fileRef = 3BDA641E1A6F82D300D7A5BC /* SMS_SDK.framework */; };
		3BDA64241A6FA76D00D7A5BC /* SRLoginVC.m in Sources */ = {isa = PBXBuildFile; fileRef = 3BDA64221A6FA76D00D7A5BC /* SRLoginVC.m */; };
		3BDA64251A6FA76D00D7A5BC /* SRLoginVC.xib in Resources */ = {isa = PBXBuildFile; fileRef = 3BDA64231A6FA76D00D7A5BC /* SRLoginVC.xib */; };
/* End PBXBuildFile section */

/* Begin PBXContainerItemProxy section */
		3BAAEAF21A49412D00253298 /* PBXContainerItemProxy */ = {
			isa = PBXContainerItemProxy;
			containerPortal = 3BAAEAD01A49412D00253298 /* Project object */;
			proxyType = 1;
			remoteGlobalIDString = 3BAAEAD71A49412D00253298;
			remoteInfo = EJianZhi;
		};
/* End PBXContainerItemProxy section */

/* Begin PBXFileReference section */
		3B106D8B1A7BC41C0052333D /* SRScanVC.h */ = {isa = PBXFileReference; fileEncoding = 4; lastKnownFileType = sourcecode.c.h; path = SRScanVC.h; sourceTree = "<group>"; };
		3B106D8C1A7BC41C0052333D /* SRScanVC.m */ = {isa = PBXFileReference; fileEncoding = 4; lastKnownFileType = sourcecode.c.objc; path = SRScanVC.m; sourceTree = "<group>"; };
		3B106D8F1A7BC4E30052333D /* Decoder.h */ = {isa = PBXFileReference; fileEncoding = 4; lastKnownFileType = sourcecode.c.h; path = Decoder.h; sourceTree = "<group>"; };
		3B106D901A7BC4E30052333D /* Exception.h */ = {isa = PBXFileReference; fileEncoding = 4; lastKnownFileType = sourcecode.c.h; path = Exception.h; sourceTree = "<group>"; };
		3B106D911A7BC4E30052333D /* Image.h */ = {isa = PBXFileReference; fileEncoding = 4; lastKnownFileType = sourcecode.c.h; path = Image.h; sourceTree = "<group>"; };
		3B106D921A7BC4E30052333D /* ImageScanner.h */ = {isa = PBXFileReference; fileEncoding = 4; lastKnownFileType = sourcecode.c.h; path = ImageScanner.h; sourceTree = "<group>"; };
		3B106D931A7BC4E30052333D /* Processor.h */ = {isa = PBXFileReference; fileEncoding = 4; lastKnownFileType = sourcecode.c.h; path = Processor.h; sourceTree = "<group>"; };
		3B106D941A7BC4E30052333D /* Scanner.h */ = {isa = PBXFileReference; fileEncoding = 4; lastKnownFileType = sourcecode.c.h; path = Scanner.h; sourceTree = "<group>"; };
		3B106D951A7BC4E30052333D /* Symbol.h */ = {isa = PBXFileReference; fileEncoding = 4; lastKnownFileType = sourcecode.c.h; path = Symbol.h; sourceTree = "<group>"; };
		3B106D961A7BC4E30052333D /* Video.h */ = {isa = PBXFileReference; fileEncoding = 4; lastKnownFileType = sourcecode.c.h; path = Video.h; sourceTree = "<group>"; };
		3B106D971A7BC4E30052333D /* Window.h */ = {isa = PBXFileReference; fileEncoding = 4; lastKnownFileType = sourcecode.c.h; path = Window.h; sourceTree = "<group>"; };
		3B106D981A7BC4E30052333D /* zbar.h */ = {isa = PBXFileReference; fileEncoding = 4; lastKnownFileType = sourcecode.c.h; path = zbar.h; sourceTree = "<group>"; };
		3B106D991A7BC4E30052333D /* ZBarCameraSimulator.h */ = {isa = PBXFileReference; fileEncoding = 4; lastKnownFileType = sourcecode.c.h; path = ZBarCameraSimulator.h; sourceTree = "<group>"; };
		3B106D9A1A7BC4E30052333D /* ZBarCaptureReader.h */ = {isa = PBXFileReference; fileEncoding = 4; lastKnownFileType = sourcecode.c.h; path = ZBarCaptureReader.h; sourceTree = "<group>"; };
		3B106D9B1A7BC4E30052333D /* ZBarHelpController.h */ = {isa = PBXFileReference; fileEncoding = 4; lastKnownFileType = sourcecode.c.h; path = ZBarHelpController.h; sourceTree = "<group>"; };
		3B106D9C1A7BC4E30052333D /* ZBarImage.h */ = {isa = PBXFileReference; fileEncoding = 4; lastKnownFileType = sourcecode.c.h; path = ZBarImage.h; sourceTree = "<group>"; };
		3B106D9D1A7BC4E30052333D /* ZBarImageScanner.h */ = {isa = PBXFileReference; fileEncoding = 4; lastKnownFileType = sourcecode.c.h; path = ZBarImageScanner.h; sourceTree = "<group>"; };
		3B106D9E1A7BC4E40052333D /* ZBarReaderController.h */ = {isa = PBXFileReference; fileEncoding = 4; lastKnownFileType = sourcecode.c.h; path = ZBarReaderController.h; sourceTree = "<group>"; };
		3B106D9F1A7BC4E40052333D /* ZBarReaderView.h */ = {isa = PBXFileReference; fileEncoding = 4; lastKnownFileType = sourcecode.c.h; path = ZBarReaderView.h; sourceTree = "<group>"; };
		3B106DA01A7BC4E40052333D /* ZBarReaderViewController.h */ = {isa = PBXFileReference; fileEncoding = 4; lastKnownFileType = sourcecode.c.h; path = ZBarReaderViewController.h; sourceTree = "<group>"; };
		3B106DA11A7BC4E40052333D /* ZBarSDK.h */ = {isa = PBXFileReference; fileEncoding = 4; lastKnownFileType = sourcecode.c.h; path = ZBarSDK.h; sourceTree = "<group>"; };
		3B106DA21A7BC4E40052333D /* ZBarSymbol.h */ = {isa = PBXFileReference; fileEncoding = 4; lastKnownFileType = sourcecode.c.h; path = ZBarSymbol.h; sourceTree = "<group>"; };
		3B106DA31A7BC4E40052333D /* zbar-back.png */ = {isa = PBXFileReference; lastKnownFileType = image.png; path = "zbar-back.png"; sourceTree = "<group>"; };
		3B106DA41A7BC4E40052333D /* zbar-help.html */ = {isa = PBXFileReference; fileEncoding = 4; lastKnownFileType = text.html; path = "zbar-help.html"; sourceTree = "<group>"; };
		3B106DA51A7BC4E40052333D /* zbar-helpicons.png */ = {isa = PBXFileReference; lastKnownFileType = image.png; path = "zbar-helpicons.png"; sourceTree = "<group>"; };
		3B106DA61A7BC4E40052333D /* zbar-samples.png */ = {isa = PBXFileReference; lastKnownFileType = image.png; path = "zbar-samples.png"; sourceTree = "<group>"; };
		3B106DAB1A7BC4EE0052333D /* libzbar.a */ = {isa = PBXFileReference; lastKnownFileType = archive.ar; path = libzbar.a; sourceTree = "<group>"; };
		3B106DAD1A7BC5220052333D /* CoreMedia.framework */ = {isa = PBXFileReference; lastKnownFileType = wrapper.framework; name = CoreMedia.framework; path = System/Library/Frameworks/CoreMedia.framework; sourceTree = SDKROOT; };
		3B106DAF1A7BC5300052333D /* AVFoundation.framework */ = {isa = PBXFileReference; lastKnownFileType = wrapper.framework; name = AVFoundation.framework; path = System/Library/Frameworks/AVFoundation.framework; sourceTree = SDKROOT; };
		3B106DB11A7BC53F0052333D /* CoreVideo.framework */ = {isa = PBXFileReference; lastKnownFileType = wrapper.framework; name = CoreVideo.framework; path = System/Library/Frameworks/CoreVideo.framework; sourceTree = SDKROOT; };
		3B106DB31A7BC8980052333D /* line.png */ = {isa = PBXFileReference; lastKnownFileType = image.png; path = line.png; sourceTree = "<group>"; };
		3B106DB51A7BC94D0052333D /* pick_bg.png */ = {isa = PBXFileReference; lastKnownFileType = image.png; path = pick_bg.png; sourceTree = "<group>"; };
		3B106DB81A7BCFD50052333D /* JobDetailVC.h */ = {isa = PBXFileReference; fileEncoding = 4; lastKnownFileType = sourcecode.c.h; path = JobDetailVC.h; sourceTree = "<group>"; };
		3B106DB91A7BCFD50052333D /* JobDetailVC.m */ = {isa = PBXFileReference; fileEncoding = 4; lastKnownFileType = sourcecode.c.objc; path = JobDetailVC.m; sourceTree = "<group>"; };
		3B106DBA1A7BCFD50052333D /* JobDetailVC.xib */ = {isa = PBXFileReference; fileEncoding = 4; lastKnownFileType = file.xib; path = JobDetailVC.xib; sourceTree = "<group>"; };
		3B14391C1A7B26480062368E /* AOImageView.h */ = {isa = PBXFileReference; fileEncoding = 4; lastKnownFileType = sourcecode.c.h; path = AOImageView.h; sourceTree = "<group>"; };
		3B14391D1A7B26480062368E /* AOImageView.m */ = {isa = PBXFileReference; fileEncoding = 4; lastKnownFileType = sourcecode.c.objc; path = AOImageView.m; sourceTree = "<group>"; };
		3B14391E1A7B26480062368E /* DDMacro.h */ = {isa = PBXFileReference; fileEncoding = 4; lastKnownFileType = sourcecode.c.h; path = DDMacro.h; sourceTree = "<group>"; };
		3B14391F1A7B26480062368E /* NSURLAdditions.h */ = {isa = PBXFileReference; fileEncoding = 4; lastKnownFileType = sourcecode.c.h; path = NSURLAdditions.h; sourceTree = "<group>"; };
		3B1439201A7B26480062368E /* NSURLAdditions.m */ = {isa = PBXFileReference; fileEncoding = 4; lastKnownFileType = sourcecode.c.objc; path = NSURLAdditions.m; sourceTree = "<group>"; };
		3B1439211A7B26480062368E /* SDImageCache.h */ = {isa = PBXFileReference; fileEncoding = 4; lastKnownFileType = sourcecode.c.h; path = SDImageCache.h; sourceTree = "<group>"; };
		3B1439221A7B26480062368E /* SDImageCache.m */ = {isa = PBXFileReference; fileEncoding = 4; lastKnownFileType = sourcecode.c.objc; path = SDImageCache.m; sourceTree = "<group>"; };
		3B1439231A7B26480062368E /* SDImageCacheDelegate.h */ = {isa = PBXFileReference; fileEncoding = 4; lastKnownFileType = sourcecode.c.h; path = SDImageCacheDelegate.h; sourceTree = "<group>"; };
		3B1439241A7B26480062368E /* SDWebImageCompat.h */ = {isa = PBXFileReference; fileEncoding = 4; lastKnownFileType = sourcecode.c.h; path = SDWebImageCompat.h; sourceTree = "<group>"; };
		3B1439251A7B26480062368E /* SDWebImageDownloader.h */ = {isa = PBXFileReference; fileEncoding = 4; lastKnownFileType = sourcecode.c.h; path = SDWebImageDownloader.h; sourceTree = "<group>"; };
		3B1439261A7B26480062368E /* SDWebImageDownloader.m */ = {isa = PBXFileReference; fileEncoding = 4; lastKnownFileType = sourcecode.c.objc; path = SDWebImageDownloader.m; sourceTree = "<group>"; };
		3B1439271A7B26480062368E /* SDWebImageDownloaderDelegate.h */ = {isa = PBXFileReference; fileEncoding = 4; lastKnownFileType = sourcecode.c.h; path = SDWebImageDownloaderDelegate.h; sourceTree = "<group>"; };
		3B1439281A7B26480062368E /* SDWebImageManager.h */ = {isa = PBXFileReference; fileEncoding = 4; lastKnownFileType = sourcecode.c.h; path = SDWebImageManager.h; sourceTree = "<group>"; };
		3B1439291A7B26480062368E /* SDWebImageManager.m */ = {isa = PBXFileReference; fileEncoding = 4; lastKnownFileType = sourcecode.c.objc; path = SDWebImageManager.m; sourceTree = "<group>"; };
		3B14392A1A7B26480062368E /* SDWebImageManagerDelegate.h */ = {isa = PBXFileReference; fileEncoding = 4; lastKnownFileType = sourcecode.c.h; path = SDWebImageManagerDelegate.h; sourceTree = "<group>"; };
		3B14392B1A7B26480062368E /* SRAdvertisingView.h */ = {isa = PBXFileReference; fileEncoding = 4; lastKnownFileType = sourcecode.c.h; path = SRAdvertisingView.h; sourceTree = "<group>"; };
		3B14392C1A7B26480062368E /* SRAdvertisingView.m */ = {isa = PBXFileReference; fileEncoding = 4; lastKnownFileType = sourcecode.c.objc; path = SRAdvertisingView.m; sourceTree = "<group>"; };
		3B14392D1A7B26480062368E /* UrlImageButton.h */ = {isa = PBXFileReference; fileEncoding = 4; lastKnownFileType = sourcecode.c.h; path = UrlImageButton.h; sourceTree = "<group>"; };
		3B14392E1A7B26480062368E /* UrlImageButton.m */ = {isa = PBXFileReference; fileEncoding = 4; lastKnownFileType = sourcecode.c.objc; path = UrlImageButton.m; sourceTree = "<group>"; };
		3B14392F1A7B26480062368E /* UrlImageView.h */ = {isa = PBXFileReference; fileEncoding = 4; lastKnownFileType = sourcecode.c.h; path = UrlImageView.h; sourceTree = "<group>"; };
		3B1439301A7B26480062368E /* UrlImageView.m */ = {isa = PBXFileReference; fileEncoding = 4; lastKnownFileType = sourcecode.c.objc; path = UrlImageView.m; sourceTree = "<group>"; };
		3B14393A1A7B2A2E0062368E /* arrow.png */ = {isa = PBXFileReference; lastKnownFileType = image.png; path = arrow.png; sourceTree = "<group>"; };
		3B14393B1A7B2A2E0062368E /* arrow@2x.png */ = {isa = PBXFileReference; lastKnownFileType = image.png; path = "arrow@2x.png"; sourceTree = "<group>"; };
		3B14393C1A7B2A2E0062368E /* arrow@3x.png */ = {isa = PBXFileReference; lastKnownFileType = image.png; path = "arrow@3x.png"; sourceTree = "<group>"; };
		3B1439401A7B2B100062368E /* nearby.png */ = {isa = PBXFileReference; lastKnownFileType = image.png; path = nearby.png; sourceTree = "<group>"; };
		3B1439421A7B2B610062368E /* poker.png */ = {isa = PBXFileReference; lastKnownFileType = image.png; path = poker.png; sourceTree = "<group>"; };
		3B1439441A7B58740062368E /* MLCell1.h */ = {isa = PBXFileReference; fileEncoding = 4; lastKnownFileType = sourcecode.c.h; path = MLCell1.h; sourceTree = "<group>"; };
		3B1439451A7B58740062368E /* MLCell1.m */ = {isa = PBXFileReference; fileEncoding = 4; lastKnownFileType = sourcecode.c.objc; path = MLCell1.m; sourceTree = "<group>"; };
		3B1439461A7B58740062368E /* MLCell1.xib */ = {isa = PBXFileReference; fileEncoding = 4; lastKnownFileType = file.xib; path = MLCell1.xib; sourceTree = "<group>"; };
		3B1439491A7B5B830062368E /* jobType1.png */ = {isa = PBXFileReference; lastKnownFileType = image.png; path = jobType1.png; sourceTree = "<group>"; };
		3B14394B1A7B5CB40062368E /* tag2.png */ = {isa = PBXFileReference; lastKnownFileType = image.png; path = tag2.png; sourceTree = "<group>"; };
		3B14394C1A7B5CB40062368E /* tag3.png */ = {isa = PBXFileReference; lastKnownFileType = image.png; path = tag3.png; sourceTree = "<group>"; };
		3B14394D1A7B5CB40062368E /* tag1.png */ = {isa = PBXFileReference; lastKnownFileType = image.png; path = tag1.png; sourceTree = "<group>"; };
		3B1439511A7B5D250062368E /* icon_location.png */ = {isa = PBXFileReference; lastKnownFileType = image.png; path = icon_location.png; sourceTree = "<group>"; };
		3B1439521A7B5D250062368E /* icon_location@2x.png */ = {isa = PBXFileReference; lastKnownFileType = image.png; path = "icon_location@2x.png"; sourceTree = "<group>"; };
		3B1439531A7B5D250062368E /* icon_location@3x.png */ = {isa = PBXFileReference; lastKnownFileType = image.png; path = "icon_location@3x.png"; sourceTree = "<group>"; };
		3B1439571A7B5E540062368E /* perday.png */ = {isa = PBXFileReference; lastKnownFileType = image.png; path = perday.png; sourceTree = "<group>"; };
		3B2E14671A5AAC97004F0107 /* CoreLocation.framework */ = {isa = PBXFileReference; lastKnownFileType = wrapper.framework; name = CoreLocation.framework; path = System/Library/Frameworks/CoreLocation.framework; sourceTree = SDKROOT; };
		3B2E14691A5AACA0004F0107 /* Security.framework */ = {isa = PBXFileReference; lastKnownFileType = wrapper.framework; name = Security.framework; path = System/Library/Frameworks/Security.framework; sourceTree = SDKROOT; };
		3B2E146B1A5AACA6004F0107 /* CoreGraphics.framework */ = {isa = PBXFileReference; lastKnownFileType = wrapper.framework; name = CoreGraphics.framework; path = System/Library/Frameworks/CoreGraphics.framework; sourceTree = SDKROOT; };
		3B2E146D1A5AACAF004F0107 /* MobileCoreServices.framework */ = {isa = PBXFileReference; lastKnownFileType = wrapper.framework; name = MobileCoreServices.framework; path = System/Library/Frameworks/MobileCoreServices.framework; sourceTree = SDKROOT; };
		3B2E146F1A5AACD2004F0107 /* CFNetwork.framework */ = {isa = PBXFileReference; lastKnownFileType = wrapper.framework; name = CFNetwork.framework; path = System/Library/Frameworks/CFNetwork.framework; sourceTree = SDKROOT; };
		3B2E14711A5AACD9004F0107 /* CoreTelephony.framework */ = {isa = PBXFileReference; lastKnownFileType = wrapper.framework; name = CoreTelephony.framework; path = System/Library/Frameworks/CoreTelephony.framework; sourceTree = SDKROOT; };
		3B2E14731A5AACE1004F0107 /* SystemConfiguration.framework */ = {isa = PBXFileReference; lastKnownFileType = wrapper.framework; name = SystemConfiguration.framework; path = System/Library/Frameworks/SystemConfiguration.framework; sourceTree = SDKROOT; };
		3B2E14751A5AACEA004F0107 /* libz.1.2.5.dylib */ = {isa = PBXFileReference; lastKnownFileType = "compiled.mach-o.dylib"; name = libz.1.2.5.dylib; path = usr/lib/libz.1.2.5.dylib; sourceTree = SDKROOT; };
		3B2E14771A5AACF3004F0107 /* libicucore.dylib */ = {isa = PBXFileReference; lastKnownFileType = "compiled.mach-o.dylib"; name = libicucore.dylib; path = usr/lib/libicucore.dylib; sourceTree = SDKROOT; };
		3B2E14791A5AACFD004F0107 /* libsqlite3.dylib */ = {isa = PBXFileReference; lastKnownFileType = "compiled.mach-o.dylib"; name = libsqlite3.dylib; path = usr/lib/libsqlite3.dylib; sourceTree = SDKROOT; };
		3B2E14801A5AAFF0004F0107 /* BmobSDK.framework */ = {isa = PBXFileReference; lastKnownFileType = wrapper.framework; path = BmobSDK.framework; sourceTree = "<group>"; };
		3B2E14821A5AD0FB004F0107 /* ShareSDK.framework */ = {isa = PBXFileReference; lastKnownFileType = wrapper.framework; path = ShareSDK.framework; sourceTree = "<group>"; };
		3B2E14841A5AD2E4004F0107 /* QuartzCore.framework */ = {isa = PBXFileReference; lastKnownFileType = wrapper.framework; name = QuartzCore.framework; path = System/Library/Frameworks/QuartzCore.framework; sourceTree = SDKROOT; };
		3B2E14871A5AD969004F0107 /* AGCommon.framework */ = {isa = PBXFileReference; lastKnownFileType = wrapper.framework; path = AGCommon.framework; sourceTree = "<group>"; };
		3B2E14891A5AD9DE004F0107 /* ShareSDKCoreService.framework */ = {isa = PBXFileReference; lastKnownFileType = wrapper.framework; path = ShareSDKCoreService.framework; sourceTree = "<group>"; };
		3B2E148B1A5ADBCF004F0107 /* SinaWeiboConnection.framework */ = {isa = PBXFileReference; lastKnownFileType = wrapper.framework; path = SinaWeiboConnection.framework; sourceTree = "<group>"; };
		3B2E148D1A5ADD16004F0107 /* WeChatConnection.framework */ = {isa = PBXFileReference; lastKnownFileType = wrapper.framework; path = WeChatConnection.framework; sourceTree = "<group>"; };
		3B2E148F1A5ADD22004F0107 /* QQConnection.framework */ = {isa = PBXFileReference; lastKnownFileType = wrapper.framework; path = QQConnection.framework; sourceTree = "<group>"; };
		3B5FBB411A6DF117009DA06B /* user_bg.png */ = {isa = PBXFileReference; lastKnownFileType = image.png; path = user_bg.png; sourceTree = "<group>"; };
		3B5FBB431A6DF130009DA06B /* user_image_white.png */ = {isa = PBXFileReference; lastKnownFileType = image.png; path = user_image_white.png; sourceTree = "<group>"; };
		3B5FBB451A6DF41A009DA06B /* user_account.png */ = {isa = PBXFileReference; lastKnownFileType = image.png; path = user_account.png; sourceTree = "<group>"; };
		3B5FBB471A6DF428009DA06B /* user_qrcode.png */ = {isa = PBXFileReference; lastKnownFileType = image.png; path = user_qrcode.png; sourceTree = "<group>"; };
		3B5FBB491A6DF43F009DA06B /* user_paycard.png */ = {isa = PBXFileReference; lastKnownFileType = image.png; path = user_paycard.png; sourceTree = "<group>"; };
		3B5FBB4B1A6DF44B009DA06B /* user_money.png */ = {isa = PBXFileReference; lastKnownFileType = image.png; path = user_money.png; sourceTree = "<group>"; };
		3B5FBB4D1A6DF459009DA06B /* my_comment.png */ = {isa = PBXFileReference; lastKnownFileType = image.png; path = my_comment.png; sourceTree = "<group>"; };
		3B5FBB4F1A6DF465009DA06B /* about_us.png */ = {isa = PBXFileReference; lastKnownFileType = image.png; path = about_us.png; sourceTree = "<group>"; };
		3B5FBB511A6DF471009DA06B /* user_feedback.png */ = {isa = PBXFileReference; lastKnownFileType = image.png; path = user_feedback.png; sourceTree = "<group>"; };
		3B5FBB531A6DF47F009DA06B /* version_update.png */ = {isa = PBXFileReference; lastKnownFileType = image.png; path = version_update.png; sourceTree = "<group>"; };
		3B5FBB551A6DF49C009DA06B /* service_center.png */ = {isa = PBXFileReference; lastKnownFileType = image.png; path = service_center.png; sourceTree = "<group>"; };
		3B5FBB571A6DF522009DA06B /* profile_pop_button_background_top.png */ = {isa = PBXFileReference; lastKnownFileType = image.png; path = profile_pop_button_background_top.png; sourceTree = "<group>"; };
		3B5FBB591A6DF533009DA06B /* profile_pop_button_background_bottom.png */ = {isa = PBXFileReference; lastKnownFileType = image.png; path = profile_pop_button_background_bottom.png; sourceTree = "<group>"; };
		3B5FBB5B1A6DF54B009DA06B /* right_arrow_white.png */ = {isa = PBXFileReference; lastKnownFileType = image.png; path = right_arrow_white.png; sourceTree = "<group>"; };
		3B5FBB5D1A6DF55D009DA06B /* arrow.png */ = {isa = PBXFileReference; lastKnownFileType = image.png; path = arrow.png; sourceTree = "<group>"; };
		3B5FBB921A6E8FFB009DA06B /* SRUserInfo.h */ = {isa = PBXFileReference; fileEncoding = 4; lastKnownFileType = sourcecode.c.h; path = SRUserInfo.h; sourceTree = "<group>"; };
		3B5FBB931A6E8FFB009DA06B /* SRUserInfo.m */ = {isa = PBXFileReference; fileEncoding = 4; lastKnownFileType = sourcecode.c.objc; path = SRUserInfo.m; sourceTree = "<group>"; };
		3B5FBB941A6E8FFB009DA06B /* SRLoginBusiness.h */ = {isa = PBXFileReference; fileEncoding = 4; lastKnownFileType = sourcecode.c.h; path = SRLoginBusiness.h; sourceTree = "<group>"; };
		3B5FBB951A6E8FFB009DA06B /* SRLoginBusiness.m */ = {isa = PBXFileReference; fileEncoding = 4; lastKnownFileType = sourcecode.c.objc; path = SRLoginBusiness.m; sourceTree = "<group>"; };
		3BAAEAD81A49412D00253298 /* EJianZhi.app */ = {isa = PBXFileReference; explicitFileType = wrapper.application; includeInIndex = 0; path = EJianZhi.app; sourceTree = BUILT_PRODUCTS_DIR; };
		3BAAEADC1A49412D00253298 /* Info.plist */ = {isa = PBXFileReference; lastKnownFileType = text.plist.xml; path = Info.plist; sourceTree = "<group>"; };
		3BAAEADD1A49412D00253298 /* main.m */ = {isa = PBXFileReference; lastKnownFileType = sourcecode.c.objc; path = main.m; sourceTree = "<group>"; };
		3BAAEADF1A49412D00253298 /* AppDelegate.h */ = {isa = PBXFileReference; lastKnownFileType = sourcecode.c.h; path = AppDelegate.h; sourceTree = "<group>"; };
		3BAAEAE01A49412D00253298 /* AppDelegate.m */ = {isa = PBXFileReference; lastKnownFileType = sourcecode.c.objc; path = AppDelegate.m; sourceTree = "<group>"; };
		3BAAEAE21A49412D00253298 /* ViewController.h */ = {isa = PBXFileReference; lastKnownFileType = sourcecode.c.h; path = ViewController.h; sourceTree = "<group>"; };
		3BAAEAE31A49412D00253298 /* ViewController.m */ = {isa = PBXFileReference; lastKnownFileType = sourcecode.c.objc; path = ViewController.m; sourceTree = "<group>"; };
		3BAAEAE61A49412D00253298 /* Base */ = {isa = PBXFileReference; lastKnownFileType = file.storyboard; name = Base; path = Base.lproj/Main.storyboard; sourceTree = "<group>"; };
		3BAAEAE81A49412D00253298 /* Images.xcassets */ = {isa = PBXFileReference; lastKnownFileType = folder.assetcatalog; path = Images.xcassets; sourceTree = "<group>"; };
		3BAAEAEB1A49412D00253298 /* Base */ = {isa = PBXFileReference; lastKnownFileType = file.xib; name = Base; path = Base.lproj/LaunchScreen.xib; sourceTree = "<group>"; };
		3BAAEAF11A49412D00253298 /* EJianZhiTests.xctest */ = {isa = PBXFileReference; explicitFileType = wrapper.cfbundle; includeInIndex = 0; path = EJianZhiTests.xctest; sourceTree = BUILT_PRODUCTS_DIR; };
		3BAAEAF61A49412D00253298 /* Info.plist */ = {isa = PBXFileReference; lastKnownFileType = text.plist.xml; path = Info.plist; sourceTree = "<group>"; };
		3BAAEAF71A49412D00253298 /* EJianZhiTests.m */ = {isa = PBXFileReference; lastKnownFileType = sourcecode.c.objc; path = EJianZhiTests.m; sourceTree = "<group>"; };
		3BB7F2441A6FF170007F944F /* SRRegisterVC.h */ = {isa = PBXFileReference; fileEncoding = 4; lastKnownFileType = sourcecode.c.h; path = SRRegisterVC.h; sourceTree = "<group>"; };
		3BB7F2451A6FF170007F944F /* SRRegisterVC.m */ = {isa = PBXFileReference; fileEncoding = 4; lastKnownFileType = sourcecode.c.objc; path = SRRegisterVC.m; sourceTree = "<group>"; };
		3BB7F2461A6FF170007F944F /* SRRegisterVC.xib */ = {isa = PBXFileReference; fileEncoding = 4; lastKnownFileType = file.xib; path = SRRegisterVC.xib; sourceTree = "<group>"; };
		3BCBBD0F1A6D2FC700E581FD /* activity.png */ = {isa = PBXFileReference; lastKnownFileType = image.png; path = activity.png; sourceTree = "<group>"; };
		3BCBBD101A6D2FC700E581FD /* activity@2x.png */ = {isa = PBXFileReference; lastKnownFileType = image.png; path = "activity@2x.png"; sourceTree = "<group>"; };
		3BCBBD111A6D2FC700E581FD /* activity_selected.png */ = {isa = PBXFileReference; lastKnownFileType = image.png; path = activity_selected.png; sourceTree = "<group>"; };
		3BCBBD121A6D2FC700E581FD /* activity_selected@2x.png */ = {isa = PBXFileReference; lastKnownFileType = image.png; path = "activity_selected@2x.png"; sourceTree = "<group>"; };
		3BCBBD131A6D2FC700E581FD /* find_selected.png */ = {isa = PBXFileReference; lastKnownFileType = image.png; path = find_selected.png; sourceTree = "<group>"; };
		3BCBBD141A6D2FC700E581FD /* find_selected@2x.png */ = {isa = PBXFileReference; lastKnownFileType = image.png; path = "find_selected@2x.png"; sourceTree = "<group>"; };
		3BCBBD151A6D2FC700E581FD /* find.png */ = {isa = PBXFileReference; lastKnownFileType = image.png; path = find.png; sourceTree = "<group>"; };
		3BCBBD161A6D2FC700E581FD /* find@2x.png */ = {isa = PBXFileReference; lastKnownFileType = image.png; path = "find@2x.png"; sourceTree = "<group>"; };
		3BCBBD171A6D2FC700E581FD /* home_selected.png */ = {isa = PBXFileReference; lastKnownFileType = image.png; path = home_selected.png; sourceTree = "<group>"; };
		3BCBBD181A6D2FC700E581FD /* home_selected@2x.png */ = {isa = PBXFileReference; lastKnownFileType = image.png; path = "home_selected@2x.png"; sourceTree = "<group>"; };
		3BCBBD191A6D2FC700E581FD /* home.png */ = {isa = PBXFileReference; lastKnownFileType = image.png; path = home.png; sourceTree = "<group>"; };
		3BCBBD1A1A6D2FC700E581FD /* home@2x.png */ = {isa = PBXFileReference; lastKnownFileType = image.png; path = "home@2x.png"; sourceTree = "<group>"; };
		3BCBBD1B1A6D2FC700E581FD /* mine_selected.png */ = {isa = PBXFileReference; lastKnownFileType = image.png; path = mine_selected.png; sourceTree = "<group>"; };
		3BCBBD1C1A6D2FC700E581FD /* mine_selected@2x.png */ = {isa = PBXFileReference; lastKnownFileType = image.png; path = "mine_selected@2x.png"; sourceTree = "<group>"; };
		3BCBBD1D1A6D2FC700E581FD /* mine.png */ = {isa = PBXFileReference; lastKnownFileType = image.png; path = mine.png; sourceTree = "<group>"; };
		3BCBBD1E1A6D2FC700E581FD /* mine@2x.png */ = {isa = PBXFileReference; lastKnownFileType = image.png; path = "mine@2x.png"; sourceTree = "<group>"; };
		3BCBBD2F1A6D300000E581FD /* MLTabbarVC.h */ = {isa = PBXFileReference; fileEncoding = 4; lastKnownFileType = sourcecode.c.h; path = MLTabbarVC.h; sourceTree = "<group>"; };
		3BCBBD301A6D300000E581FD /* MLTabbarVC.m */ = {isa = PBXFileReference; fileEncoding = 4; lastKnownFileType = sourcecode.c.objc; path = MLTabbarVC.m; sourceTree = "<group>"; };
		3BCBBD321A6D345300E581FD /* SRFirstNavi.h */ = {isa = PBXFileReference; fileEncoding = 4; lastKnownFileType = sourcecode.c.h; path = SRFirstNavi.h; sourceTree = "<group>"; };
		3BCBBD331A6D345300E581FD /* SRFirstNavi.m */ = {isa = PBXFileReference; fileEncoding = 4; lastKnownFileType = sourcecode.c.objc; path = SRFirstNavi.m; sourceTree = "<group>"; };
		3BCBBD351A6D355200E581FD /* MLFirstVC.h */ = {isa = PBXFileReference; fileEncoding = 4; lastKnownFileType = sourcecode.c.h; path = MLFirstVC.h; sourceTree = "<group>"; };
		3BCBBD361A6D355200E581FD /* MLFirstVC.m */ = {isa = PBXFileReference; fileEncoding = 4; lastKnownFileType = sourcecode.c.objc; path = MLFirstVC.m; sourceTree = "<group>"; };
		3BCBBD371A6D355200E581FD /* MLFirstVC.xib */ = {isa = PBXFileReference; fileEncoding = 4; lastKnownFileType = file.xib; path = MLFirstVC.xib; sourceTree = "<group>"; };
		3BCBBD3E1A6D359B00E581FD /* MLSecondVC.h */ = {isa = PBXFileReference; fileEncoding = 4; lastKnownFileType = sourcecode.c.h; path = MLSecondVC.h; sourceTree = "<group>"; };
		3BCBBD3F1A6D359B00E581FD /* MLSecondVC.m */ = {isa = PBXFileReference; fileEncoding = 4; lastKnownFileType = sourcecode.c.objc; path = MLSecondVC.m; sourceTree = "<group>"; };
		3BCBBD401A6D359B00E581FD /* MLSecondVC.xib */ = {isa = PBXFileReference; fileEncoding = 4; lastKnownFileType = file.xib; path = MLSecondVC.xib; sourceTree = "<group>"; };
		3BCBBD431A6D35B200E581FD /* MLThirdVC.h */ = {isa = PBXFileReference; fileEncoding = 4; lastKnownFileType = sourcecode.c.h; path = MLThirdVC.h; sourceTree = "<group>"; };
		3BCBBD441A6D35B200E581FD /* MLThirdVC.m */ = {isa = PBXFileReference; fileEncoding = 4; lastKnownFileType = sourcecode.c.objc; path = MLThirdVC.m; sourceTree = "<group>"; };
		3BCBBD451A6D35B200E581FD /* MLThirdVC.xib */ = {isa = PBXFileReference; fileEncoding = 4; lastKnownFileType = file.xib; path = MLThirdVC.xib; sourceTree = "<group>"; };
		3BCBBD481A6D35C500E581FD /* MLForthVC.h */ = {isa = PBXFileReference; fileEncoding = 4; lastKnownFileType = sourcecode.c.h; path = MLForthVC.h; sourceTree = "<group>"; };
		3BCBBD491A6D35C500E581FD /* MLForthVC.m */ = {isa = PBXFileReference; fileEncoding = 4; lastKnownFileType = sourcecode.c.objc; path = MLForthVC.m; sourceTree = "<group>"; };
		3BCBBD4A1A6D35C500E581FD /* MLForthVC.xib */ = {isa = PBXFileReference; fileEncoding = 4; lastKnownFileType = file.xib; path = MLForthVC.xib; sourceTree = "<group>"; };
		3BCBBD4D1A6D3D7400E581FD /* searchBar.png */ = {isa = PBXFileReference; lastKnownFileType = image.png; path = searchBar.png; sourceTree = "<group>"; };
		3BCBBD4E1A6D3D7400E581FD /* searchBar@2x.png */ = {isa = PBXFileReference; lastKnownFileType = image.png; path = "searchBar@2x.png"; sourceTree = "<group>"; };
		3BDA64041A6F4ABA00D7A5BC /* box_2.png */ = {isa = PBXFileReference; lastKnownFileType = image.png; path = box_2.png; sourceTree = "<group>"; };
		3BDA64061A6F4AD000D7A5BC /* logo.png */ = {isa = PBXFileReference; lastKnownFileType = image.png; path = logo.png; sourceTree = "<group>"; };
		3BDA640E1A6F553700D7A5BC /* checkbox1_checked.png */ = {isa = PBXFileReference; lastKnownFileType = image.png; path = checkbox1_checked.png; sourceTree = "<group>"; };
		3BDA640F1A6F553700D7A5BC /* checkbox1_checked@2x.png */ = {isa = PBXFileReference; lastKnownFileType = image.png; path = "checkbox1_checked@2x.png"; sourceTree = "<group>"; };
		3BDA64101A6F553700D7A5BC /* checkbox1_unchecked.png */ = {isa = PBXFileReference; lastKnownFileType = image.png; path = checkbox1_unchecked.png; sourceTree = "<group>"; };
		3BDA64111A6F553700D7A5BC /* checkbox1_unchecked@2x.png */ = {isa = PBXFileReference; lastKnownFileType = image.png; path = "checkbox1_unchecked@2x.png"; sourceTree = "<group>"; };
		3BDA64121A6F553700D7A5BC /* QCheckBox.h */ = {isa = PBXFileReference; fileEncoding = 4; lastKnownFileType = sourcecode.c.h; path = QCheckBox.h; sourceTree = "<group>"; };
		3BDA64131A6F553700D7A5BC /* QCheckBox.m */ = {isa = PBXFileReference; fileEncoding = 4; lastKnownFileType = sourcecode.c.objc; path = QCheckBox.m; sourceTree = "<group>"; };
		3BDA64191A6F557900D7A5BC /* SRRegistBussiness.h */ = {isa = PBXFileReference; fileEncoding = 4; lastKnownFileType = sourcecode.c.h; path = SRRegistBussiness.h; sourceTree = "<group>"; };
		3BDA641A1A6F557900D7A5BC /* SRRegistBussiness.m */ = {isa = PBXFileReference; fileEncoding = 4; lastKnownFileType = sourcecode.c.objc; path = SRRegistBussiness.m; sourceTree = "<group>"; };
		3BDA641C1A6F55D700D7A5BC /* box_3.png */ = {isa = PBXFileReference; lastKnownFileType = image.png; path = box_3.png; sourceTree = "<group>"; };
		3BDA641E1A6F82D300D7A5BC /* SMS_SDK.framework */ = {isa = PBXFileReference; lastKnownFileType = wrapper.framework; path = SMS_SDK.framework; sourceTree = "<group>"; };
		3BDA64211A6FA76D00D7A5BC /* SRLoginVC.h */ = {isa = PBXFileReference; fileEncoding = 4; lastKnownFileType = sourcecode.c.h; path = SRLoginVC.h; sourceTree = "<group>"; };
		3BDA64221A6FA76D00D7A5BC /* SRLoginVC.m */ = {isa = PBXFileReference; fileEncoding = 4; lastKnownFileType = sourcecode.c.objc; path = SRLoginVC.m; sourceTree = "<group>"; };
		3BDA64231A6FA76D00D7A5BC /* SRLoginVC.xib */ = {isa = PBXFileReference; fileEncoding = 4; lastKnownFileType = file.xib; path = SRLoginVC.xib; sourceTree = "<group>"; };
/* End PBXFileReference section */

/* Begin PBXFrameworksBuildPhase section */
		3BAAEAD51A49412D00253298 /* Frameworks */ = {
			isa = PBXFrameworksBuildPhase;
			buildActionMask = 2147483647;
			files = (
				3B106DB21A7BC53F0052333D /* CoreVideo.framework in Frameworks */,
				3B106DB01A7BC5300052333D /* AVFoundation.framework in Frameworks */,
				3B106DAE1A7BC5220052333D /* CoreMedia.framework in Frameworks */,
				3BDA641F1A6F82D300D7A5BC /* SMS_SDK.framework in Frameworks */,
				3B2E14861A5AD3E6004F0107 /* QuartzCore.framework in Frameworks */,
				3B106DAC1A7BC4EF0052333D /* libzbar.a in Frameworks */,
				3B2E147A1A5AACFD004F0107 /* libsqlite3.dylib in Frameworks */,
				3B2E14781A5AACF3004F0107 /* libicucore.dylib in Frameworks */,
				3B2E14761A5AACEA004F0107 /* libz.1.2.5.dylib in Frameworks */,
				3B2E148E1A5ADD16004F0107 /* WeChatConnection.framework in Frameworks */,
				3B2E14831A5AD0FB004F0107 /* ShareSDK.framework in Frameworks */,
				3B2E14741A5AACE1004F0107 /* SystemConfiguration.framework in Frameworks */,
				3B2E14721A5AACD9004F0107 /* CoreTelephony.framework in Frameworks */,
				3B2E14701A5AACD2004F0107 /* CFNetwork.framework in Frameworks */,
				3B2E146E1A5AACAF004F0107 /* MobileCoreServices.framework in Frameworks */,
				3B2E14901A5ADD22004F0107 /* QQConnection.framework in Frameworks */,
				3B2E14881A5AD969004F0107 /* AGCommon.framework in Frameworks */,
				3B2E148C1A5ADBCF004F0107 /* SinaWeiboConnection.framework in Frameworks */,
				3B2E148A1A5AD9DE004F0107 /* ShareSDKCoreService.framework in Frameworks */,
				3B2E146C1A5AACA6004F0107 /* CoreGraphics.framework in Frameworks */,
				3B2E146A1A5AACA0004F0107 /* Security.framework in Frameworks */,
				3B2E14681A5AAC97004F0107 /* CoreLocation.framework in Frameworks */,
				3B2E14811A5AAFF0004F0107 /* BmobSDK.framework in Frameworks */,
			);
			runOnlyForDeploymentPostprocessing = 0;
		};
		3BAAEAEE1A49412D00253298 /* Frameworks */ = {
			isa = PBXFrameworksBuildPhase;
			buildActionMask = 2147483647;
			files = (
			);
			runOnlyForDeploymentPostprocessing = 0;
		};
/* End PBXFrameworksBuildPhase section */

/* Begin PBXGroup section */
		3B106D8A1A7BC40D0052333D /* ScanVC */ = {
			isa = PBXGroup;
			children = (
				3B106D8E1A7BC4D10052333D /* zbar */,
				3B106D8B1A7BC41C0052333D /* SRScanVC.h */,
				3B106D8C1A7BC41C0052333D /* SRScanVC.m */,
			);
			name = ScanVC;
			sourceTree = "<group>";
		};
		3B106D8E1A7BC4D10052333D /* zbar */ = {
			isa = PBXGroup;
			children = (
				3B106DB51A7BC94D0052333D /* pick_bg.png */,
				3B106DB31A7BC8980052333D /* line.png */,
				3B106DAB1A7BC4EE0052333D /* libzbar.a */,
				3B106D8F1A7BC4E30052333D /* Decoder.h */,
				3B106D901A7BC4E30052333D /* Exception.h */,
				3B106D911A7BC4E30052333D /* Image.h */,
				3B106D921A7BC4E30052333D /* ImageScanner.h */,
				3B106D931A7BC4E30052333D /* Processor.h */,
				3B106D941A7BC4E30052333D /* Scanner.h */,
				3B106D951A7BC4E30052333D /* Symbol.h */,
				3B106D961A7BC4E30052333D /* Video.h */,
				3B106D971A7BC4E30052333D /* Window.h */,
				3B106D981A7BC4E30052333D /* zbar.h */,
				3B106D991A7BC4E30052333D /* ZBarCameraSimulator.h */,
				3B106D9A1A7BC4E30052333D /* ZBarCaptureReader.h */,
				3B106D9B1A7BC4E30052333D /* ZBarHelpController.h */,
				3B106D9C1A7BC4E30052333D /* ZBarImage.h */,
				3B106D9D1A7BC4E30052333D /* ZBarImageScanner.h */,
				3B106D9E1A7BC4E40052333D /* ZBarReaderController.h */,
				3B106D9F1A7BC4E40052333D /* ZBarReaderView.h */,
				3B106DA01A7BC4E40052333D /* ZBarReaderViewController.h */,
				3B106DA11A7BC4E40052333D /* ZBarSDK.h */,
				3B106DA21A7BC4E40052333D /* ZBarSymbol.h */,
				3B106DA31A7BC4E40052333D /* zbar-back.png */,
				3B106DA41A7BC4E40052333D /* zbar-help.html */,
				3B106DA51A7BC4E40052333D /* zbar-helpicons.png */,
				3B106DA61A7BC4E40052333D /* zbar-samples.png */,
			);
			path = zbar;
			sourceTree = "<group>";
		};
		3B106DB71A7BCF720052333D /* DetailVC */ = {
			isa = PBXGroup;
			children = (
				3B106DB81A7BCFD50052333D /* JobDetailVC.h */,
				3B106DB91A7BCFD50052333D /* JobDetailVC.m */,
				3B106DBA1A7BCFD50052333D /* JobDetailVC.xib */,
			);
			name = DetailVC;
			sourceTree = "<group>";
		};
		3B14391B1A7B25F40062368E /* bannerView */ = {
			isa = PBXGroup;
			children = (
				3B14391C1A7B26480062368E /* AOImageView.h */,
				3B14391D1A7B26480062368E /* AOImageView.m */,
				3B14391E1A7B26480062368E /* DDMacro.h */,
				3B14391F1A7B26480062368E /* NSURLAdditions.h */,
				3B1439201A7B26480062368E /* NSURLAdditions.m */,
				3B1439211A7B26480062368E /* SDImageCache.h */,
				3B1439221A7B26480062368E /* SDImageCache.m */,
				3B1439231A7B26480062368E /* SDImageCacheDelegate.h */,
				3B1439241A7B26480062368E /* SDWebImageCompat.h */,
				3B1439251A7B26480062368E /* SDWebImageDownloader.h */,
				3B1439261A7B26480062368E /* SDWebImageDownloader.m */,
				3B1439271A7B26480062368E /* SDWebImageDownloaderDelegate.h */,
				3B1439281A7B26480062368E /* SDWebImageManager.h */,
				3B1439291A7B26480062368E /* SDWebImageManager.m */,
				3B14392A1A7B26480062368E /* SDWebImageManagerDelegate.h */,
				3B14392B1A7B26480062368E /* SRAdvertisingView.h */,
				3B14392C1A7B26480062368E /* SRAdvertisingView.m */,
				3B14392D1A7B26480062368E /* UrlImageButton.h */,
				3B14392E1A7B26480062368E /* UrlImageButton.m */,
				3B14392F1A7B26480062368E /* UrlImageView.h */,
				3B1439301A7B26480062368E /* UrlImageView.m */,
			);
			path = bannerView;
			sourceTree = "<group>";
		};
		3B1439391A7B2A210062368E /* icon */ = {
			isa = PBXGroup;
			children = (
				3B1439511A7B5D250062368E /* icon_location.png */,
				3B1439521A7B5D250062368E /* icon_location@2x.png */,
				3B1439531A7B5D250062368E /* icon_location@3x.png */,
				3B14393A1A7B2A2E0062368E /* arrow.png */,
				3B14393B1A7B2A2E0062368E /* arrow@2x.png */,
				3B14393C1A7B2A2E0062368E /* arrow@3x.png */,
			);
			name = icon;
			path = "EJianZhi/未命名文件夹";
			sourceTree = "<group>";
		};
		3B2E147B1A5AAD03004F0107 /* Framework */ = {
			isa = PBXGroup;
			children = (
				3B106DB11A7BC53F0052333D /* CoreVideo.framework */,
				3B106DAF1A7BC5300052333D /* AVFoundation.framework */,
				3B106DAD1A7BC5220052333D /* CoreMedia.framework */,
				3BDA641E1A6F82D300D7A5BC /* SMS_SDK.framework */,
				3B2E14911A5ADD85004F0107 /* ShareConnection */,
				3B2E14841A5AD2E4004F0107 /* QuartzCore.framework */,
				3B2E14801A5AAFF0004F0107 /* BmobSDK.framework */,
				3B2E14791A5AACFD004F0107 /* libsqlite3.dylib */,
				3B2E14771A5AACF3004F0107 /* libicucore.dylib */,
				3B2E14751A5AACEA004F0107 /* libz.1.2.5.dylib */,
				3B2E14731A5AACE1004F0107 /* SystemConfiguration.framework */,
				3B2E14711A5AACD9004F0107 /* CoreTelephony.framework */,
				3B2E146F1A5AACD2004F0107 /* CFNetwork.framework */,
				3B2E146D1A5AACAF004F0107 /* MobileCoreServices.framework */,
				3B2E146B1A5AACA6004F0107 /* CoreGraphics.framework */,
				3B2E14691A5AACA0004F0107 /* Security.framework */,
				3B2E14671A5AAC97004F0107 /* CoreLocation.framework */,
			);
			name = Framework;
			sourceTree = "<group>";
		};
		3B2E14911A5ADD85004F0107 /* ShareConnection */ = {
			isa = PBXGroup;
			children = (
				3B2E14821A5AD0FB004F0107 /* ShareSDK.framework */,
				3B2E148F1A5ADD22004F0107 /* QQConnection.framework */,
				3B2E148D1A5ADD16004F0107 /* WeChatConnection.framework */,
				3B2E148B1A5ADBCF004F0107 /* SinaWeiboConnection.framework */,
				3B2E14891A5AD9DE004F0107 /* ShareSDKCoreService.framework */,
				3B2E14871A5AD969004F0107 /* AGCommon.framework */,
			);
			name = ShareConnection;
			sourceTree = "<group>";
		};
		3B5FBB911A6E8FED009DA06B /* Login&Register */ = {
			isa = PBXGroup;
			children = (
				3B5FBB921A6E8FFB009DA06B /* SRUserInfo.h */,
				3B5FBB931A6E8FFB009DA06B /* SRUserInfo.m */,
				3B5FBB941A6E8FFB009DA06B /* SRLoginBusiness.h */,
				3B5FBB951A6E8FFB009DA06B /* SRLoginBusiness.m */,
				3BDA64191A6F557900D7A5BC /* SRRegistBussiness.h */,
				3BDA641A1A6F557900D7A5BC /* SRRegistBussiness.m */,
				3BDA640D1A6F553700D7A5BC /* QCheckbox */,
				3BDA64211A6FA76D00D7A5BC /* SRLoginVC.h */,
				3BDA64221A6FA76D00D7A5BC /* SRLoginVC.m */,
				3BDA64231A6FA76D00D7A5BC /* SRLoginVC.xib */,
				3BB7F2441A6FF170007F944F /* SRRegisterVC.h */,
				3BB7F2451A6FF170007F944F /* SRRegisterVC.m */,
				3BB7F2461A6FF170007F944F /* SRRegisterVC.xib */,
			);
			name = "Login&Register";
			sourceTree = "<group>";
		};
		3BAAEACF1A49412D00253298 = {
			isa = PBXGroup;
			children = (
				3BAAEADA1A49412D00253298 /* EJianZhi */,
				3B1439391A7B2A210062368E /* icon */,
				3B2E147B1A5AAD03004F0107 /* Framework */,
				3BAAEAF41A49412D00253298 /* EJianZhiTests */,
				3BAAEAD91A49412D00253298 /* Products */,
			);
			sourceTree = "<group>";
		};
		3BAAEAD91A49412D00253298 /* Products */ = {
			isa = PBXGroup;
			children = (
				3BAAEAD81A49412D00253298 /* EJianZhi.app */,
				3BAAEAF11A49412D00253298 /* EJianZhiTests.xctest */,
			);
			name = Products;
			sourceTree = "<group>";
		};
		3BAAEADA1A49412D00253298 /* EJianZhi */ = {
			isa = PBXGroup;
			children = (
				3B106DB71A7BCF720052333D /* DetailVC */,
				3B106D8A1A7BC40D0052333D /* ScanVC */,
				3B14391B1A7B25F40062368E /* bannerView */,
				3B5FBB911A6E8FED009DA06B /* Login&Register */,
				3BCBBD3D1A6D358200E581FD /* ForthVC */,
				3BCBBD3C1A6D357A00E581FD /* ThirdVC */,
				3BCBBD3B1A6D357200E581FD /* SecondVC */,
				3BCBBD3A1A6D356500E581FD /* FirstVC */,
				3BAAEADF1A49412D00253298 /* AppDelegate.h */,
				3BAAEAE01A49412D00253298 /* AppDelegate.m */,
				3BAAEAE21A49412D00253298 /* ViewController.h */,
				3BAAEAE31A49412D00253298 /* ViewController.m */,
				3BAAEAE51A49412D00253298 /* Main.storyboard */,
				3BAAEAE81A49412D00253298 /* Images.xcassets */,
				3BAAEAEA1A49412D00253298 /* LaunchScreen.xib */,
				3BCBBD0E1A6D2FBD00E581FD /* image */,
				3BAAEADB1A49412D00253298 /* Supporting Files */,
				3BCBBD2F1A6D300000E581FD /* MLTabbarVC.h */,
				3BCBBD301A6D300000E581FD /* MLTabbarVC.m */,
				3BCBBD321A6D345300E581FD /* SRFirstNavi.h */,
				3BCBBD331A6D345300E581FD /* SRFirstNavi.m */,
			);
			path = EJianZhi;
			sourceTree = "<group>";
		};
		3BAAEADB1A49412D00253298 /* Supporting Files */ = {
			isa = PBXGroup;
			children = (
				3BAAEADC1A49412D00253298 /* Info.plist */,
				3BAAEADD1A49412D00253298 /* main.m */,
			);
			name = "Supporting Files";
			sourceTree = "<group>";
		};
		3BAAEAF41A49412D00253298 /* EJianZhiTests */ = {
			isa = PBXGroup;
			children = (
				3BAAEAF71A49412D00253298 /* EJianZhiTests.m */,
				3BAAEAF51A49412D00253298 /* Supporting Files */,
			);
			path = EJianZhiTests;
			sourceTree = "<group>";
		};
		3BAAEAF51A49412D00253298 /* Supporting Files */ = {
			isa = PBXGroup;
			children = (
				3BAAEAF61A49412D00253298 /* Info.plist */,
			);
			name = "Supporting Files";
			sourceTree = "<group>";
		};
		3BCBBD0E1A6D2FBD00E581FD /* image */ = {
			isa = PBXGroup;
			children = (
				3B1439571A7B5E540062368E /* perday.png */,
				3B14394B1A7B5CB40062368E /* tag2.png */,
				3B14394C1A7B5CB40062368E /* tag3.png */,
				3B14394D1A7B5CB40062368E /* tag1.png */,
				3B1439491A7B5B830062368E /* jobType1.png */,
				3B1439421A7B2B610062368E /* poker.png */,
				3B1439401A7B2B100062368E /* nearby.png */,
				3BDA641C1A6F55D700D7A5BC /* box_3.png */,
				3BDA64061A6F4AD000D7A5BC /* logo.png */,
				3BDA64041A6F4ABA00D7A5BC /* box_2.png */,
				3B5FBB5D1A6DF55D009DA06B /* arrow.png */,
				3B5FBB5B1A6DF54B009DA06B /* right_arrow_white.png */,
				3B5FBB591A6DF533009DA06B /* profile_pop_button_background_bottom.png */,
				3B5FBB571A6DF522009DA06B /* profile_pop_button_background_top.png */,
				3B5FBB551A6DF49C009DA06B /* service_center.png */,
				3B5FBB531A6DF47F009DA06B /* version_update.png */,
				3B5FBB511A6DF471009DA06B /* user_feedback.png */,
				3B5FBB4F1A6DF465009DA06B /* about_us.png */,
				3B5FBB4D1A6DF459009DA06B /* my_comment.png */,
				3B5FBB4B1A6DF44B009DA06B /* user_money.png */,
				3B5FBB491A6DF43F009DA06B /* user_paycard.png */,
				3B5FBB471A6DF428009DA06B /* user_qrcode.png */,
				3B5FBB451A6DF41A009DA06B /* user_account.png */,
				3B5FBB431A6DF130009DA06B /* user_image_white.png */,
				3B5FBB411A6DF117009DA06B /* user_bg.png */,
				3BCBBD4D1A6D3D7400E581FD /* searchBar.png */,
				3BCBBD4E1A6D3D7400E581FD /* searchBar@2x.png */,
				3BCBBD0F1A6D2FC700E581FD /* activity.png */,
				3BCBBD101A6D2FC700E581FD /* activity@2x.png */,
				3BCBBD111A6D2FC700E581FD /* activity_selected.png */,
				3BCBBD121A6D2FC700E581FD /* activity_selected@2x.png */,
				3BCBBD131A6D2FC700E581FD /* find_selected.png */,
				3BCBBD141A6D2FC700E581FD /* find_selected@2x.png */,
				3BCBBD151A6D2FC700E581FD /* find.png */,
				3BCBBD161A6D2FC700E581FD /* find@2x.png */,
				3BCBBD171A6D2FC700E581FD /* home_selected.png */,
				3BCBBD181A6D2FC700E581FD /* home_selected@2x.png */,
				3BCBBD191A6D2FC700E581FD /* home.png */,
				3BCBBD1A1A6D2FC700E581FD /* home@2x.png */,
				3BCBBD1B1A6D2FC700E581FD /* mine_selected.png */,
				3BCBBD1C1A6D2FC700E581FD /* mine_selected@2x.png */,
				3BCBBD1D1A6D2FC700E581FD /* mine.png */,
				3BCBBD1E1A6D2FC700E581FD /* mine@2x.png */,
			);
			path = image;
			sourceTree = "<group>";
		};
		3BCBBD3A1A6D356500E581FD /* FirstVC */ = {
			isa = PBXGroup;
			children = (
				3BCBBD351A6D355200E581FD /* MLFirstVC.h */,
				3BCBBD361A6D355200E581FD /* MLFirstVC.m */,
				3BCBBD371A6D355200E581FD /* MLFirstVC.xib */,
				3B1439441A7B58740062368E /* MLCell1.h */,
				3B1439451A7B58740062368E /* MLCell1.m */,
				3B1439461A7B58740062368E /* MLCell1.xib */,
			);
			name = FirstVC;
			sourceTree = "<group>";
		};
		3BCBBD3B1A6D357200E581FD /* SecondVC */ = {
			isa = PBXGroup;
			children = (
				3BCBBD3E1A6D359B00E581FD /* MLSecondVC.h */,
				3BCBBD3F1A6D359B00E581FD /* MLSecondVC.m */,
				3BCBBD401A6D359B00E581FD /* MLSecondVC.xib */,
			);
			name = SecondVC;
			sourceTree = "<group>";
		};
		3BCBBD3C1A6D357A00E581FD /* ThirdVC */ = {
			isa = PBXGroup;
			children = (
				3BCBBD431A6D35B200E581FD /* MLThirdVC.h */,
				3BCBBD441A6D35B200E581FD /* MLThirdVC.m */,
				3BCBBD451A6D35B200E581FD /* MLThirdVC.xib */,
			);
			name = ThirdVC;
			sourceTree = "<group>";
		};
		3BCBBD3D1A6D358200E581FD /* ForthVC */ = {
			isa = PBXGroup;
			children = (
				3BCBBD481A6D35C500E581FD /* MLForthVC.h */,
				3BCBBD491A6D35C500E581FD /* MLForthVC.m */,
				3BCBBD4A1A6D35C500E581FD /* MLForthVC.xib */,
			);
			name = ForthVC;
			sourceTree = "<group>";
		};
		3BDA640D1A6F553700D7A5BC /* QCheckbox */ = {
			isa = PBXGroup;
			children = (
				3BDA640E1A6F553700D7A5BC /* checkbox1_checked.png */,
				3BDA640F1A6F553700D7A5BC /* checkbox1_checked@2x.png */,
				3BDA64101A6F553700D7A5BC /* checkbox1_unchecked.png */,
				3BDA64111A6F553700D7A5BC /* checkbox1_unchecked@2x.png */,
				3BDA64121A6F553700D7A5BC /* QCheckBox.h */,
				3BDA64131A6F553700D7A5BC /* QCheckBox.m */,
			);
			path = QCheckbox;
			sourceTree = "<group>";
		};
/* End PBXGroup section */

/* Begin PBXNativeTarget section */
		3BAAEAD71A49412D00253298 /* EJianZhi */ = {
			isa = PBXNativeTarget;
			buildConfigurationList = 3BAAEAFB1A49412D00253298 /* Build configuration list for PBXNativeTarget "EJianZhi" */;
			buildPhases = (
				3BAAEAD41A49412D00253298 /* Sources */,
				3BAAEAD51A49412D00253298 /* Frameworks */,
				3BAAEAD61A49412D00253298 /* Resources */,
			);
			buildRules = (
			);
			dependencies = (
			);
			name = EJianZhi;
			productName = EJianZhi;
			productReference = 3BAAEAD81A49412D00253298 /* EJianZhi.app */;
			productType = "com.apple.product-type.application";
		};
		3BAAEAF01A49412D00253298 /* EJianZhiTests */ = {
			isa = PBXNativeTarget;
			buildConfigurationList = 3BAAEAFE1A49412D00253298 /* Build configuration list for PBXNativeTarget "EJianZhiTests" */;
			buildPhases = (
				3BAAEAED1A49412D00253298 /* Sources */,
				3BAAEAEE1A49412D00253298 /* Frameworks */,
				3BAAEAEF1A49412D00253298 /* Resources */,
			);
			buildRules = (
			);
			dependencies = (
				3BAAEAF31A49412D00253298 /* PBXTargetDependency */,
			);
			name = EJianZhiTests;
			productName = EJianZhiTests;
			productReference = 3BAAEAF11A49412D00253298 /* EJianZhiTests.xctest */;
			productType = "com.apple.product-type.bundle.unit-test";
		};
/* End PBXNativeTarget section */

/* Begin PBXProject section */
		3BAAEAD01A49412D00253298 /* Project object */ = {
			isa = PBXProject;
			attributes = {
				LastUpgradeCheck = 0610;
				ORGANIZATIONNAME = "麻辣工作室";
				TargetAttributes = {
					3BAAEAD71A49412D00253298 = {
						CreatedOnToolsVersion = 6.1.1;
						DevelopmentTeam = 7946C3CJS9;
					};
					3BAAEAF01A49412D00253298 = {
						CreatedOnToolsVersion = 6.1.1;
						TestTargetID = 3BAAEAD71A49412D00253298;
					};
				};
			};
			buildConfigurationList = 3BAAEAD31A49412D00253298 /* Build configuration list for PBXProject "EJianZhi" */;
			compatibilityVersion = "Xcode 3.2";
			developmentRegion = English;
			hasScannedForEncodings = 0;
			knownRegions = (
				en,
				Base,
			);
			mainGroup = 3BAAEACF1A49412D00253298;
			productRefGroup = 3BAAEAD91A49412D00253298 /* Products */;
			projectDirPath = "";
			projectRoot = "";
			targets = (
				3BAAEAD71A49412D00253298 /* EJianZhi */,
				3BAAEAF01A49412D00253298 /* EJianZhiTests */,
			);
		};
/* End PBXProject section */

/* Begin PBXResourcesBuildPhase section */
		3BAAEAD61A49412D00253298 /* Resources */ = {
			isa = PBXResourcesBuildPhase;
			buildActionMask = 2147483647;
			files = (
				3BCBBD1F1A6D2FC700E581FD /* activity.png in Resources */,
				3BAAEAE71A49412D00253298 /* Main.storyboard in Resources */,
				3B106DA91A7BC4E40052333D /* zbar-helpicons.png in Resources */,
				3BDA64151A6F553700D7A5BC /* checkbox1_checked@2x.png in Resources */,
				3B14393D1A7B2A2E0062368E /* arrow.png in Resources */,
				3BDA64141A6F553700D7A5BC /* checkbox1_checked.png in Resources */,
				3B5FBB5E1A6DF55D009DA06B /* arrow.png in Resources */,
				3BCBBD501A6D3D7400E581FD /* searchBar@2x.png in Resources */,
				3B5FBB441A6DF130009DA06B /* user_image_white.png in Resources */,
				3B106DAA1A7BC4E40052333D /* zbar-samples.png in Resources */,
				3B5FBB4A1A6DF43F009DA06B /* user_paycard.png in Resources */,
				3B14393F1A7B2A2E0062368E /* arrow@3x.png in Resources */,
				3BCBBD2D1A6D2FC700E581FD /* mine.png in Resources */,
				3B106DB61A7BC94D0052333D /* pick_bg.png in Resources */,
				3B106DA81A7BC4E40052333D /* zbar-help.html in Resources */,
				3BCBBD4F1A6D3D7400E581FD /* searchBar.png in Resources */,
				3B5FBB541A6DF47F009DA06B /* version_update.png in Resources */,
				3B1439561A7B5D250062368E /* icon_location@3x.png in Resources */,
				3B5FBB521A6DF471009DA06B /* user_feedback.png in Resources */,
				3BCBBD291A6D2FC700E581FD /* home.png in Resources */,
				3B1439501A7B5CB40062368E /* tag1.png in Resources */,
				3BCBBD201A6D2FC700E581FD /* activity@2x.png in Resources */,
				3BCBBD241A6D2FC700E581FD /* find_selected@2x.png in Resources */,
				3BCBBD2B1A6D2FC700E581FD /* mine_selected.png in Resources */,
				3B5FBB461A6DF41A009DA06B /* user_account.png in Resources */,
				3B5FBB581A6DF522009DA06B /* profile_pop_button_background_top.png in Resources */,
				3BCBBD2C1A6D2FC700E581FD /* mine_selected@2x.png in Resources */,
				3B14394A1A7B5B830062368E /* jobType1.png in Resources */,
				3BCBBD2A1A6D2FC700E581FD /* home@2x.png in Resources */,
				3B5FBB4E1A6DF459009DA06B /* my_comment.png in Resources */,
				3B1439581A7B5E540062368E /* perday.png in Resources */,
				3B1439431A7B2B610062368E /* poker.png in Resources */,
				3BCBBD2E1A6D2FC700E581FD /* mine@2x.png in Resources */,
				3B14394F1A7B5CB40062368E /* tag3.png in Resources */,
				3BDA64161A6F553700D7A5BC /* checkbox1_unchecked.png in Resources */,
				3B106DBC1A7BCFD50052333D /* JobDetailVC.xib in Resources */,
				3BDA64071A6F4AD000D7A5BC /* logo.png in Resources */,
				3BCBBD421A6D359B00E581FD /* MLSecondVC.xib in Resources */,
				3BDA641D1A6F55D700D7A5BC /* box_3.png in Resources */,
				3B5FBB5C1A6DF54B009DA06B /* right_arrow_white.png in Resources */,
				3BAAEAEC1A49412D00253298 /* LaunchScreen.xib in Resources */,
				3BCBBD271A6D2FC700E581FD /* home_selected.png in Resources */,
				3BCBBD471A6D35B200E581FD /* MLThirdVC.xib in Resources */,
				3BCBBD391A6D355200E581FD /* MLFirstVC.xib in Resources */,
				3B14393E1A7B2A2E0062368E /* arrow@2x.png in Resources */,
				3B5FBB481A6DF428009DA06B /* user_qrcode.png in Resources */,
				3B5FBB4C1A6DF44B009DA06B /* user_money.png in Resources */,
				3BDA64051A6F4ABA00D7A5BC /* box_2.png in Resources */,
				3B1439411A7B2B100062368E /* nearby.png in Resources */,
				3BAAEAE91A49412D00253298 /* Images.xcassets in Resources */,
				3B106DA71A7BC4E40052333D /* zbar-back.png in Resources */,
				3BCBBD4C1A6D35C500E581FD /* MLForthVC.xib in Resources */,
				3B5FBB561A6DF49C009DA06B /* service_center.png in Resources */,
				3B106DB41A7BC8980052333D /* line.png in Resources */,
				3B1439541A7B5D250062368E /* icon_location.png in Resources */,
				3BCBBD251A6D2FC700E581FD /* find.png in Resources */,
				3B5FBB421A6DF117009DA06B /* user_bg.png in Resources */,
				3B5FBB5A1A6DF533009DA06B /* profile_pop_button_background_bottom.png in Resources */,
				3BCBBD231A6D2FC700E581FD /* find_selected.png in Resources */,
				3BCBBD211A6D2FC700E581FD /* activity_selected.png in Resources */,
				3B5FBB501A6DF465009DA06B /* about_us.png in Resources */,
				3B1439481A7B58740062368E /* MLCell1.xib in Resources */,
				3B14394E1A7B5CB40062368E /* tag2.png in Resources */,
				3BDA64171A6F553700D7A5BC /* checkbox1_unchecked@2x.png in Resources */,
				3BB7F2481A6FF170007F944F /* SRRegisterVC.xib in Resources */,
				3BDA64251A6FA76D00D7A5BC /* SRLoginVC.xib in Resources */,
				3B1439551A7B5D250062368E /* icon_location@2x.png in Resources */,
				3BCBBD221A6D2FC700E581FD /* activity_selected@2x.png in Resources */,
				3BCBBD281A6D2FC700E581FD /* home_selected@2x.png in Resources */,
				3BCBBD261A6D2FC700E581FD /* find@2x.png in Resources */,
			);
			runOnlyForDeploymentPostprocessing = 0;
		};
		3BAAEAEF1A49412D00253298 /* Resources */ = {
			isa = PBXResourcesBuildPhase;
			buildActionMask = 2147483647;
			files = (
			);
			runOnlyForDeploymentPostprocessing = 0;
		};
/* End PBXResourcesBuildPhase section */

/* Begin PBXSourcesBuildPhase section */
		3BAAEAD41A49412D00253298 /* Sources */ = {
			isa = PBXSourcesBuildPhase;
			buildActionMask = 2147483647;
			files = (
				3BCBBD381A6D355200E581FD /* MLFirstVC.m in Sources */,
				3B1439331A7B26480062368E /* SDImageCache.m in Sources */,
				3BCBBD341A6D345300E581FD /* SRFirstNavi.m in Sources */,
				3B1439381A7B26480062368E /* UrlImageView.m in Sources */,
				3B1439371A7B26480062368E /* UrlImageButton.m in Sources */,
				3B1439321A7B26480062368E /* NSURLAdditions.m in Sources */,
				3BCBBD4B1A6D35C500E581FD /* MLForthVC.m in Sources */,
				3B1439361A7B26480062368E /* SRAdvertisingView.m in Sources */,
				3B5FBB991A6E8FFB009DA06B /* SRUserInfo.m in Sources */,
				3B5FBB9A1A6E8FFB009DA06B /* SRLoginBusiness.m in Sources */,
				3B106D8D1A7BC41C0052333D /* SRScanVC.m in Sources */,
				3BAAEAE41A49412D00253298 /* ViewController.m in Sources */,
				3B1439311A7B26480062368E /* AOImageView.m in Sources */,
				3BB7F2471A6FF170007F944F /* SRRegisterVC.m in Sources */,
				3BDA641B1A6F557900D7A5BC /* SRRegistBussiness.m in Sources */,
				3BDA64241A6FA76D00D7A5BC /* SRLoginVC.m in Sources */,
				3BCBBD461A6D35B200E581FD /* MLThirdVC.m in Sources */,
				3BCBBD311A6D300000E581FD /* MLTabbarVC.m in Sources */,
				3B1439341A7B26480062368E /* SDWebImageDownloader.m in Sources */,
				3BDA64181A6F553700D7A5BC /* QCheckBox.m in Sources */,
				3BAAEAE11A49412D00253298 /* AppDelegate.m in Sources */,
				3B1439351A7B26480062368E /* SDWebImageManager.m in Sources */,
				3BCBBD411A6D359B00E581FD /* MLSecondVC.m in Sources */,
				3B106DBB1A7BCFD50052333D /* JobDetailVC.m in Sources */,
				3B1439471A7B58740062368E /* MLCell1.m in Sources */,
				3BAAEADE1A49412D00253298 /* main.m in Sources */,
			);
			runOnlyForDeploymentPostprocessing = 0;
		};
		3BAAEAED1A49412D00253298 /* Sources */ = {
			isa = PBXSourcesBuildPhase;
			buildActionMask = 2147483647;
			files = (
				3BAAEAF81A49412D00253298 /* EJianZhiTests.m in Sources */,
			);
			runOnlyForDeploymentPostprocessing = 0;
		};
/* End PBXSourcesBuildPhase section */

/* Begin PBXTargetDependency section */
		3BAAEAF31A49412D00253298 /* PBXTargetDependency */ = {
			isa = PBXTargetDependency;
			target = 3BAAEAD71A49412D00253298 /* EJianZhi */;
			targetProxy = 3BAAEAF21A49412D00253298 /* PBXContainerItemProxy */;
		};
/* End PBXTargetDependency section */

/* Begin PBXVariantGroup section */
		3BAAEAE51A49412D00253298 /* Main.storyboard */ = {
			isa = PBXVariantGroup;
			children = (
				3BAAEAE61A49412D00253298 /* Base */,
			);
			name = Main.storyboard;
			sourceTree = "<group>";
		};
		3BAAEAEA1A49412D00253298 /* LaunchScreen.xib */ = {
			isa = PBXVariantGroup;
			children = (
				3BAAEAEB1A49412D00253298 /* Base */,
			);
			name = LaunchScreen.xib;
			sourceTree = "<group>";
		};
/* End PBXVariantGroup section */

/* Begin XCBuildConfiguration section */
		3BAAEAF91A49412D00253298 /* Debug */ = {
			isa = XCBuildConfiguration;
			buildSettings = {
				ALWAYS_SEARCH_USER_PATHS = NO;
				CLANG_CXX_LANGUAGE_STANDARD = "gnu++0x";
				CLANG_CXX_LIBRARY = "libc++";
				CLANG_ENABLE_MODULES = YES;
				CLANG_ENABLE_OBJC_ARC = YES;
				CLANG_WARN_BOOL_CONVERSION = YES;
				CLANG_WARN_CONSTANT_CONVERSION = YES;
				CLANG_WARN_DIRECT_OBJC_ISA_USAGE = YES_ERROR;
				CLANG_WARN_EMPTY_BODY = YES;
				CLANG_WARN_ENUM_CONVERSION = YES;
				CLANG_WARN_INT_CONVERSION = YES;
				CLANG_WARN_OBJC_ROOT_CLASS = YES_ERROR;
				CLANG_WARN_UNREACHABLE_CODE = YES;
				CLANG_WARN__DUPLICATE_METHOD_MATCH = YES;
				"CODE_SIGN_IDENTITY[sdk=iphoneos*]" = "iPhone Developer";
				COPY_PHASE_STRIP = NO;
				ENABLE_STRICT_OBJC_MSGSEND = YES;
				GCC_C_LANGUAGE_STANDARD = gnu99;
				GCC_DYNAMIC_NO_PIC = NO;
				GCC_OPTIMIZATION_LEVEL = 0;
				GCC_PREPROCESSOR_DEFINITIONS = (
					"DEBUG=1",
					"$(inherited)",
				);
				GCC_SYMBOLS_PRIVATE_EXTERN = NO;
				GCC_WARN_64_TO_32_BIT_CONVERSION = YES;
				GCC_WARN_ABOUT_RETURN_TYPE = YES_ERROR;
				GCC_WARN_UNDECLARED_SELECTOR = YES;
				GCC_WARN_UNINITIALIZED_AUTOS = YES_AGGRESSIVE;
				GCC_WARN_UNUSED_FUNCTION = YES;
				GCC_WARN_UNUSED_VARIABLE = YES;
				IPHONEOS_DEPLOYMENT_TARGET = 8.1;
				MTL_ENABLE_DEBUG_INFO = YES;
				ONLY_ACTIVE_ARCH = YES;
				SDKROOT = iphoneos;
			};
			name = Debug;
		};
		3BAAEAFA1A49412D00253298 /* Release */ = {
			isa = XCBuildConfiguration;
			buildSettings = {
				ALWAYS_SEARCH_USER_PATHS = NO;
				CLANG_CXX_LANGUAGE_STANDARD = "gnu++0x";
				CLANG_CXX_LIBRARY = "libc++";
				CLANG_ENABLE_MODULES = YES;
				CLANG_ENABLE_OBJC_ARC = YES;
				CLANG_WARN_BOOL_CONVERSION = YES;
				CLANG_WARN_CONSTANT_CONVERSION = YES;
				CLANG_WARN_DIRECT_OBJC_ISA_USAGE = YES_ERROR;
				CLANG_WARN_EMPTY_BODY = YES;
				CLANG_WARN_ENUM_CONVERSION = YES;
				CLANG_WARN_INT_CONVERSION = YES;
				CLANG_WARN_OBJC_ROOT_CLASS = YES_ERROR;
				CLANG_WARN_UNREACHABLE_CODE = YES;
				CLANG_WARN__DUPLICATE_METHOD_MATCH = YES;
				"CODE_SIGN_IDENTITY[sdk=iphoneos*]" = "iPhone Developer";
				COPY_PHASE_STRIP = YES;
				ENABLE_NS_ASSERTIONS = NO;
				ENABLE_STRICT_OBJC_MSGSEND = YES;
				GCC_C_LANGUAGE_STANDARD = gnu99;
				GCC_WARN_64_TO_32_BIT_CONVERSION = YES;
				GCC_WARN_ABOUT_RETURN_TYPE = YES_ERROR;
				GCC_WARN_UNDECLARED_SELECTOR = YES;
				GCC_WARN_UNINITIALIZED_AUTOS = YES_AGGRESSIVE;
				GCC_WARN_UNUSED_FUNCTION = YES;
				GCC_WARN_UNUSED_VARIABLE = YES;
				IPHONEOS_DEPLOYMENT_TARGET = 8.1;
				MTL_ENABLE_DEBUG_INFO = NO;
				SDKROOT = iphoneos;
				VALIDATE_PRODUCT = YES;
			};
			name = Release;
		};
		3BAAEAFC1A49412D00253298 /* Debug */ = {
			isa = XCBuildConfiguration;
			buildSettings = {
				ASSETCATALOG_COMPILER_APPICON_NAME = AppIcon;
				FRAMEWORK_SEARCH_PATHS = (
					"$(inherited)",
					"$(PROJECT_DIR)/EJianZhi",
					"$(PROJECT_DIR)",
				);
				INFOPLIST_FILE = EJianZhi/Info.plist;
				LD_RUNPATH_SEARCH_PATHS = "$(inherited) @executable_path/Frameworks";
				LIBRARY_SEARCH_PATHS = (
					"$(inherited)",
					"$(PROJECT_DIR)/EJianZhi/zbar",
				);
				PRODUCT_NAME = "$(TARGET_NAME)";
			};
			name = Debug;
		};
		3BAAEAFD1A49412D00253298 /* Release */ = {
			isa = XCBuildConfiguration;
			buildSettings = {
				ASSETCATALOG_COMPILER_APPICON_NAME = AppIcon;
				FRAMEWORK_SEARCH_PATHS = (
					"$(inherited)",
					"$(PROJECT_DIR)/EJianZhi",
					"$(PROJECT_DIR)",
				);
				INFOPLIST_FILE = EJianZhi/Info.plist;
				LD_RUNPATH_SEARCH_PATHS = "$(inherited) @executable_path/Frameworks";
				LIBRARY_SEARCH_PATHS = (
					"$(inherited)",
					"$(PROJECT_DIR)/EJianZhi/zbar",
				);
				PRODUCT_NAME = "$(TARGET_NAME)";
			};
			name = Release;
		};
		3BAAEAFF1A49412D00253298 /* Debug */ = {
			isa = XCBuildConfiguration;
			buildSettings = {
				BUNDLE_LOADER = "$(TEST_HOST)";
				FRAMEWORK_SEARCH_PATHS = (
					"$(SDKROOT)/Developer/Library/Frameworks",
					"$(inherited)",
				);
				GCC_PREPROCESSOR_DEFINITIONS = (
					"DEBUG=1",
					"$(inherited)",
				);
				INFOPLIST_FILE = EJianZhiTests/Info.plist;
				LD_RUNPATH_SEARCH_PATHS = "$(inherited) @executable_path/Frameworks @loader_path/Frameworks";
				PRODUCT_NAME = "$(TARGET_NAME)";
				TEST_HOST = "$(BUILT_PRODUCTS_DIR)/EJianZhi.app/EJianZhi";
			};
			name = Debug;
		};
		3BAAEB001A49412D00253298 /* Release */ = {
			isa = XCBuildConfiguration;
			buildSettings = {
				BUNDLE_LOADER = "$(TEST_HOST)";
				FRAMEWORK_SEARCH_PATHS = (
					"$(SDKROOT)/Developer/Library/Frameworks",
					"$(inherited)",
				);
				INFOPLIST_FILE = EJianZhiTests/Info.plist;
				LD_RUNPATH_SEARCH_PATHS = "$(inherited) @executable_path/Frameworks @loader_path/Frameworks";
				PRODUCT_NAME = "$(TARGET_NAME)";
				TEST_HOST = "$(BUILT_PRODUCTS_DIR)/EJianZhi.app/EJianZhi";
			};
			name = Release;
		};
/* End XCBuildConfiguration section */

/* Begin XCConfigurationList section */
		3BAAEAD31A49412D00253298 /* Build configuration list for PBXProject "EJianZhi" */ = {
			isa = XCConfigurationList;
			buildConfigurations = (
				3BAAEAF91A49412D00253298 /* Debug */,
				3BAAEAFA1A49412D00253298 /* Release */,
			);
			defaultConfigurationIsVisible = 0;
			defaultConfigurationName = Release;
		};
		3BAAEAFB1A49412D00253298 /* Build configuration list for PBXNativeTarget "EJianZhi" */ = {
			isa = XCConfigurationList;
			buildConfigurations = (
				3BAAEAFC1A49412D00253298 /* Debug */,
				3BAAEAFD1A49412D00253298 /* Release */,
			);
			defaultConfigurationIsVisible = 0;
			defaultConfigurationName = Release;
		};
		3BAAEAFE1A49412D00253298 /* Build configuration list for PBXNativeTarget "EJianZhiTests" */ = {
			isa = XCConfigurationList;
			buildConfigurations = (
				3BAAEAFF1A49412D00253298 /* Debug */,
				3BAAEB001A49412D00253298 /* Release */,
			);
			defaultConfigurationIsVisible = 0;
			defaultConfigurationName = Release;
		};
/* End XCConfigurationList section */
	};
	rootObject = 3BAAEAD01A49412D00253298 /* Project object */;
}
